
Microsoft Visual Studio Solution File, Format Version 12.00
# Visual Studio 15
VisualStudioVersion = 15.0.27004.2008
MinimumVisualStudioVersion = 10.0.40219.1
Project("{2150E333-8FDC-42A3-9474-1A3956D46DE8}") = "Modules", "Modules", "{F3A6B9B4-94FA-488C-BFA2-7618820265AC}"
EndProject
Project("{F184B08F-C81C-45F6-A57F-5ABD9991F28F}") = "ChatBot", "ChatBot\ChatBot.vbproj", "{97CAA3B6-E99A-41AB-88DF-71CBF8339B89}"
EndProject
Project("{FAE04EC0-301F-11D3-BF4B-00C04F79EFBC}") = "Data Monkey", "Data Monkey\Data Monkey.csproj", "{9072CD13-8B7E-4A22-BC28-6087785A5D9A}"
	ProjectSection(ProjectDependencies) = postProject
		{156C2AF0-3DA8-4D8C-A525-5400185579B3} = {156C2AF0-3DA8-4D8C-A525-5400185579B3}
	EndProjectSection
EndProject
Project("{F184B08F-C81C-45F6-A57F-5ABD9991F28F}") = "MonkeySpeakEditor", "DSeX\MonkeySpeakEditor.vbproj", "{65E4CC10-B91D-4645-B20C-D3A381C9A36A}"
EndProject
Project("{FAE04EC0-301F-11D3-BF4B-00C04F79EFBC}") = "FurcadiaLib", "FurcLib\FurcadiaLib.csproj", "{156C2AF0-3DA8-4D8C-A525-5400185579B3}"
EndProject
Project("{F184B08F-C81C-45F6-A57F-5ABD9991F28F}") = "ModuleExplorer", "Host\ModuleExplorer.vbproj", "{DDB48421-ADD5-499B-AE19-62184A2F2051}"
EndProject
Project("{F184B08F-C81C-45F6-A57F-5ABD9991F28F}") = "SilverMonkey2", "SilverMonkey\SilverMonkey2.vbproj", "{CD544712-0665-44DB-BB70-5B9D4395B050}"
EndProject
Project("{F184B08F-C81C-45F6-A57F-5ABD9991F28F}") = "Verbot Knowledgebase Editor", "Verbot Knowledgebase Editor\Verbot Knowledgebase Editor.vbproj", "{B008B931-21E4-40B6-92F0-DD1BEBC569F3}"
	ProjectSection(ProjectDependencies) = postProject
		{156C2AF0-3DA8-4D8C-A525-5400185579B3} = {156C2AF0-3DA8-4D8C-A525-5400185579B3}
	EndProjectSection
EndProject
Project("{2150E333-8FDC-42A3-9474-1A3956D46DE8}") = "bin", "bin", "{6EFFEF54-7DBB-4091-8FDF-86BD8E4CA06E}"
	ProjectSection(SolutionItems) = preProject
		bin\Mono.TextTemplating.dll = bin\Mono.TextTemplating.dll
		bin\sed.exe = bin\sed.exe
		bin\TextTransform.exe.config = bin\TextTransform.exe.config
		bin\vbVer.bat = bin\vbVer.bat
	EndProjectSection
EndProject
Project("{930C7802-8A8C-48F9-8165-68863BCCD9DD}") = "Setup", "Setup\Setup.wixproj", "{C47E57DC-6454-4798-A802-8D0BAC07E580}"
	ProjectSection(ProjectDependencies) = postProject
		{C9EDB4B0-618F-497D-944F-AB0A72736B00} = {C9EDB4B0-618F-497D-944F-AB0A72736B00}
		{3BBD3DBE-40B5-44E7-82A4-F84CD0F7FDB8} = {3BBD3DBE-40B5-44E7-82A4-F84CD0F7FDB8}
	EndProjectSection
EndProject
Project("{2150E333-8FDC-42A3-9474-1A3956D46DE8}") = "Solution Items", "Solution Items", "{29F013AD-E80C-4055-9486-067C1C82308A}"
	ProjectSection(SolutionItems) = preProject
		AssemblyInfoersion.t4 = AssemblyInfoersion.t4
		AssemblyInfoersion.vb = AssemblyInfoersion.vb
		AssemblyInfoersionCS.tt = AssemblyInfoersionCS.tt
		Backup SRC.cmd = Backup SRC.cmd
		Backup.cmd = Backup.cmd
		README.md = README.md
		Release Notes.txt = Release Notes.txt
		Solution.build = Solution.build
		TODO.txt = TODO.txt
	EndProjectSection
EndProject
Project("{F184B08F-C81C-45F6-A57F-5ABD9991F28F}") = "MonkeyCore", "MonkeyCore\MonkeyCore.vbproj", "{7E3780F5-8434-4978-82ED-8C05D1F07D8B}"
EndProject
Project("{7CF6DF6D-3B04-46F8-A40B-537D21BCA0B4}") = "smHelp", "Silver Monkey Help\smHelp.shfbproj", "{C9EDB4B0-618F-497D-944F-AB0A72736B00}"
	ProjectSection(ProjectDependencies) = postProject
		{CD544712-0665-44DB-BB70-5B9D4395B050} = {CD544712-0665-44DB-BB70-5B9D4395B050}
		{4D25B13B-4D67-433F-9181-BF5FDFA931B6} = {4D25B13B-4D67-433F-9181-BF5FDFA931B6}
		{3C0E1CBF-D3B9-4282-AC97-4E0216CA6C97} = {3C0E1CBF-D3B9-4282-AC97-4E0216CA6C97}
		{156C2AF0-3DA8-4D8C-A525-5400185579B3} = {156C2AF0-3DA8-4D8C-A525-5400185579B3}
		{7E3780F5-8434-4978-82ED-8C05D1F07D8B} = {7E3780F5-8434-4978-82ED-8C05D1F07D8B}
	EndProjectSection
EndProject
Project("{7CF6DF6D-3B04-46F8-A40B-537D21BCA0B4}") = "Data Monkey Help", "Data Monkey Help\Data Monkey Help.shfbproj", "{3BBD3DBE-40B5-44E7-82A4-F84CD0F7FDB8}"
	ProjectSection(ProjectDependencies) = postProject
		{65E4CC10-B91D-4645-B20C-D3A381C9A36A} = {65E4CC10-B91D-4645-B20C-D3A381C9A36A}
		{CD544712-0665-44DB-BB70-5B9D4395B050} = {CD544712-0665-44DB-BB70-5B9D4395B050}
	EndProjectSection
EndProject
Project("{FAE04EC0-301F-11D3-BF4B-00C04F79EFBC}") = "Verbot5Library", "VerbotSDK\Verbot5Library.csproj", "{4D25B13B-4D67-433F-9181-BF5FDFA931B6}"
EndProject
Project("{2150E333-8FDC-42A3-9474-1A3956D46DE8}") = "UnitTests", "UnitTests", "{A1481247-5CC9-4582-B48B-A2DFEFEE3609}"
	ProjectSection(SolutionItems) = preProject
		UnitTests\.RunSettings = UnitTests\.RunSettings
	EndProjectSection
EndProject
Project("{FAE04EC0-301F-11D3-BF4B-00C04F79EFBC}") = "SilverMonkey.UnitTests", "UnitTests\SilverMonkey.UnitTests\SilverMonkey.UnitTests.csproj", "{5FF664CD-6B8A-440A-9920-306490020021}"
EndProject
Project("{FAE04EC0-301F-11D3-BF4B-00C04F79EFBC}") = "FurcadiaLibTests", "UnitTests\FurcadiaLibTests\FurcadiaLibTests.csproj", "{2A3A81F8-9B1F-45AA-A8D7-AA28FA9522EC}"
EndProject
Project("{F184B08F-C81C-45F6-A57F-5ABD9991F28F}") = "MonkeyspeakTestVB", "UnitTests\MonkeyspeakTestVB\MonkeyspeakTestVB.vbproj", "{3F32804A-6C3A-49AA-82A9-9AF527683209}"
EndProject
Project("{F184B08F-C81C-45F6-A57F-5ABD9991F28F}") = "SilverMonkeyEngine", "SmEngine\SilverMonkeyEngine.vbproj", "{3C0E1CBF-D3B9-4282-AC97-4E0216CA6C97}"
EndProject
Project("{FAE04EC0-301F-11D3-BF4B-00C04F79EFBC}") = "Monkeyspeak", "MonkeySpeakEx\Monkeyspeak.csproj", "{925781E6-8B75-471B-887F-616495BBBFDD}"
EndProject
Project("{FAE04EC0-301F-11D3-BF4B-00C04F79EFBC}") = "MonkeyspeakTests", "UnitTests\MonkeyspeakTests\MonkeyspeakTests.csproj", "{4BCAEDFC-DD41-4836-A9D1-3A980D2240EB}"
EndProject
Global
	GlobalSection(SolutionConfigurationPlatforms) = preSolution
		Debug|Any CPU = Debug|Any CPU
		Debug|ARM = Debug|ARM
		Debug|Mixed Platforms = Debug|Mixed Platforms
		Debug|x64 = Debug|x64
		Debug|x86 = Debug|x86
		Release|Any CPU = Release|Any CPU
		Release|ARM = Release|ARM
		Release|Mixed Platforms = Release|Mixed Platforms
		Release|x64 = Release|x64
		Release|x86 = Release|x86
		Special|Any CPU = Special|Any CPU
		Special|ARM = Special|ARM
		Special|Mixed Platforms = Special|Mixed Platforms
		Special|x64 = Special|x64
		Special|x86 = Special|x86
		Wix|Any CPU = Wix|Any CPU
		Wix|ARM = Wix|ARM
		Wix|Mixed Platforms = Wix|Mixed Platforms
		Wix|x64 = Wix|x64
		Wix|x86 = Wix|x86
	EndGlobalSection
	GlobalSection(ProjectConfigurationPlatforms) = postSolution
		{97CAA3B6-E99A-41AB-88DF-71CBF8339B89}.Debug|Any CPU.ActiveCfg = Debug|Any CPU
		{97CAA3B6-E99A-41AB-88DF-71CBF8339B89}.Debug|Any CPU.Build.0 = Debug|Any CPU
		{97CAA3B6-E99A-41AB-88DF-71CBF8339B89}.Debug|ARM.ActiveCfg = Debug|Any CPU
		{97CAA3B6-E99A-41AB-88DF-71CBF8339B89}.Debug|ARM.Build.0 = Debug|Any CPU
		{97CAA3B6-E99A-41AB-88DF-71CBF8339B89}.Debug|Mixed Platforms.ActiveCfg = Debug|Any CPU
		{97CAA3B6-E99A-41AB-88DF-71CBF8339B89}.Debug|Mixed Platforms.Build.0 = Debug|Any CPU
		{97CAA3B6-E99A-41AB-88DF-71CBF8339B89}.Debug|x64.ActiveCfg = Debug|Any CPU
		{97CAA3B6-E99A-41AB-88DF-71CBF8339B89}.Debug|x64.Build.0 = Debug|Any CPU
		{97CAA3B6-E99A-41AB-88DF-71CBF8339B89}.Debug|x86.ActiveCfg = Debug|x86
		{97CAA3B6-E99A-41AB-88DF-71CBF8339B89}.Debug|x86.Build.0 = Debug|x86
		{97CAA3B6-E99A-41AB-88DF-71CBF8339B89}.Release|Any CPU.ActiveCfg = Release|Any CPU
		{97CAA3B6-E99A-41AB-88DF-71CBF8339B89}.Release|Any CPU.Build.0 = Release|Any CPU
		{97CAA3B6-E99A-41AB-88DF-71CBF8339B89}.Release|ARM.ActiveCfg = Release|Any CPU
		{97CAA3B6-E99A-41AB-88DF-71CBF8339B89}.Release|ARM.Build.0 = Release|Any CPU
		{97CAA3B6-E99A-41AB-88DF-71CBF8339B89}.Release|Mixed Platforms.ActiveCfg = Release|x86
		{97CAA3B6-E99A-41AB-88DF-71CBF8339B89}.Release|Mixed Platforms.Build.0 = Release|x86
		{97CAA3B6-E99A-41AB-88DF-71CBF8339B89}.Release|x64.ActiveCfg = Release|Any CPU
		{97CAA3B6-E99A-41AB-88DF-71CBF8339B89}.Release|x86.ActiveCfg = Release|x86
		{97CAA3B6-E99A-41AB-88DF-71CBF8339B89}.Release|x86.Build.0 = Release|x86
		{97CAA3B6-E99A-41AB-88DF-71CBF8339B89}.Special|Any CPU.ActiveCfg = Release|Any CPU
		{97CAA3B6-E99A-41AB-88DF-71CBF8339B89}.Special|Any CPU.Build.0 = Release|Any CPU
		{97CAA3B6-E99A-41AB-88DF-71CBF8339B89}.Special|ARM.ActiveCfg = Release|Any CPU
		{97CAA3B6-E99A-41AB-88DF-71CBF8339B89}.Special|ARM.Build.0 = Release|Any CPU
		{97CAA3B6-E99A-41AB-88DF-71CBF8339B89}.Special|Mixed Platforms.ActiveCfg = Release|x86
		{97CAA3B6-E99A-41AB-88DF-71CBF8339B89}.Special|Mixed Platforms.Build.0 = Release|x86
		{97CAA3B6-E99A-41AB-88DF-71CBF8339B89}.Special|x64.ActiveCfg = Release|Any CPU
		{97CAA3B6-E99A-41AB-88DF-71CBF8339B89}.Special|x64.Build.0 = Release|Any CPU
		{97CAA3B6-E99A-41AB-88DF-71CBF8339B89}.Special|x86.ActiveCfg = Release|x86
		{97CAA3B6-E99A-41AB-88DF-71CBF8339B89}.Special|x86.Build.0 = Release|x86
		{97CAA3B6-E99A-41AB-88DF-71CBF8339B89}.Wix|Any CPU.ActiveCfg = Release|Any CPU
		{97CAA3B6-E99A-41AB-88DF-71CBF8339B89}.Wix|Any CPU.Build.0 = Release|Any CPU
		{97CAA3B6-E99A-41AB-88DF-71CBF8339B89}.Wix|ARM.ActiveCfg = Release|Any CPU
		{97CAA3B6-E99A-41AB-88DF-71CBF8339B89}.Wix|ARM.Build.0 = Release|Any CPU
		{97CAA3B6-E99A-41AB-88DF-71CBF8339B89}.Wix|Mixed Platforms.ActiveCfg = Release|x86
		{97CAA3B6-E99A-41AB-88DF-71CBF8339B89}.Wix|Mixed Platforms.Build.0 = Release|x86
		{97CAA3B6-E99A-41AB-88DF-71CBF8339B89}.Wix|x64.ActiveCfg = Release|Any CPU
		{97CAA3B6-E99A-41AB-88DF-71CBF8339B89}.Wix|x64.Build.0 = Release|Any CPU
		{97CAA3B6-E99A-41AB-88DF-71CBF8339B89}.Wix|x86.ActiveCfg = Release|x86
		{97CAA3B6-E99A-41AB-88DF-71CBF8339B89}.Wix|x86.Build.0 = Release|x86
		{9072CD13-8B7E-4A22-BC28-6087785A5D9A}.Debug|Any CPU.ActiveCfg = Debug|Any CPU
		{9072CD13-8B7E-4A22-BC28-6087785A5D9A}.Debug|Any CPU.Build.0 = Debug|Any CPU
		{9072CD13-8B7E-4A22-BC28-6087785A5D9A}.Debug|ARM.ActiveCfg = Debug|Any CPU
		{9072CD13-8B7E-4A22-BC28-6087785A5D9A}.Debug|ARM.Build.0 = Debug|Any CPU
		{9072CD13-8B7E-4A22-BC28-6087785A5D9A}.Debug|Mixed Platforms.ActiveCfg = Debug|Any CPU
		{9072CD13-8B7E-4A22-BC28-6087785A5D9A}.Debug|Mixed Platforms.Build.0 = Debug|Any CPU
		{9072CD13-8B7E-4A22-BC28-6087785A5D9A}.Debug|x64.ActiveCfg = Debug|Any CPU
		{9072CD13-8B7E-4A22-BC28-6087785A5D9A}.Debug|x64.Build.0 = Debug|Any CPU
		{9072CD13-8B7E-4A22-BC28-6087785A5D9A}.Debug|x86.ActiveCfg = Debug|x86
		{9072CD13-8B7E-4A22-BC28-6087785A5D9A}.Debug|x86.Build.0 = Debug|x86
		{9072CD13-8B7E-4A22-BC28-6087785A5D9A}.Release|Any CPU.ActiveCfg = Release|Any CPU
		{9072CD13-8B7E-4A22-BC28-6087785A5D9A}.Release|Any CPU.Build.0 = Release|Any CPU
		{9072CD13-8B7E-4A22-BC28-6087785A5D9A}.Release|ARM.ActiveCfg = Release|Any CPU
		{9072CD13-8B7E-4A22-BC28-6087785A5D9A}.Release|ARM.Build.0 = Release|Any CPU
		{9072CD13-8B7E-4A22-BC28-6087785A5D9A}.Release|Mixed Platforms.ActiveCfg = Release|x86
		{9072CD13-8B7E-4A22-BC28-6087785A5D9A}.Release|Mixed Platforms.Build.0 = Release|x86
		{9072CD13-8B7E-4A22-BC28-6087785A5D9A}.Release|x64.ActiveCfg = Release|Any CPU
		{9072CD13-8B7E-4A22-BC28-6087785A5D9A}.Release|x86.ActiveCfg = Release|x86
		{9072CD13-8B7E-4A22-BC28-6087785A5D9A}.Release|x86.Build.0 = Release|x86
		{9072CD13-8B7E-4A22-BC28-6087785A5D9A}.Special|Any CPU.ActiveCfg = Release|Any CPU
		{9072CD13-8B7E-4A22-BC28-6087785A5D9A}.Special|Any CPU.Build.0 = Release|Any CPU
		{9072CD13-8B7E-4A22-BC28-6087785A5D9A}.Special|ARM.ActiveCfg = Release|Any CPU
		{9072CD13-8B7E-4A22-BC28-6087785A5D9A}.Special|ARM.Build.0 = Release|Any CPU
		{9072CD13-8B7E-4A22-BC28-6087785A5D9A}.Special|Mixed Platforms.ActiveCfg = Release|x86
		{9072CD13-8B7E-4A22-BC28-6087785A5D9A}.Special|Mixed Platforms.Build.0 = Release|x86
		{9072CD13-8B7E-4A22-BC28-6087785A5D9A}.Special|x64.ActiveCfg = Release|Any CPU
		{9072CD13-8B7E-4A22-BC28-6087785A5D9A}.Special|x64.Build.0 = Release|Any CPU
		{9072CD13-8B7E-4A22-BC28-6087785A5D9A}.Special|x86.ActiveCfg = Release|x86
		{9072CD13-8B7E-4A22-BC28-6087785A5D9A}.Special|x86.Build.0 = Release|x86
		{9072CD13-8B7E-4A22-BC28-6087785A5D9A}.Wix|Any CPU.ActiveCfg = Release|Any CPU
		{9072CD13-8B7E-4A22-BC28-6087785A5D9A}.Wix|Any CPU.Build.0 = Release|Any CPU
		{9072CD13-8B7E-4A22-BC28-6087785A5D9A}.Wix|ARM.ActiveCfg = Release|Any CPU
		{9072CD13-8B7E-4A22-BC28-6087785A5D9A}.Wix|ARM.Build.0 = Release|Any CPU
		{9072CD13-8B7E-4A22-BC28-6087785A5D9A}.Wix|Mixed Platforms.ActiveCfg = Release|x86
		{9072CD13-8B7E-4A22-BC28-6087785A5D9A}.Wix|Mixed Platforms.Build.0 = Release|x86
		{9072CD13-8B7E-4A22-BC28-6087785A5D9A}.Wix|x64.ActiveCfg = Release|Any CPU
		{9072CD13-8B7E-4A22-BC28-6087785A5D9A}.Wix|x64.Build.0 = Release|Any CPU
		{9072CD13-8B7E-4A22-BC28-6087785A5D9A}.Wix|x86.ActiveCfg = Release|x86
		{9072CD13-8B7E-4A22-BC28-6087785A5D9A}.Wix|x86.Build.0 = Release|x86
		{65E4CC10-B91D-4645-B20C-D3A381C9A36A}.Debug|Any CPU.ActiveCfg = Debug|Any CPU
		{65E4CC10-B91D-4645-B20C-D3A381C9A36A}.Debug|Any CPU.Build.0 = Debug|Any CPU
		{65E4CC10-B91D-4645-B20C-D3A381C9A36A}.Debug|ARM.ActiveCfg = Debug|Any CPU
		{65E4CC10-B91D-4645-B20C-D3A381C9A36A}.Debug|ARM.Build.0 = Debug|Any CPU
		{65E4CC10-B91D-4645-B20C-D3A381C9A36A}.Debug|Mixed Platforms.ActiveCfg = Debug|Any CPU
		{65E4CC10-B91D-4645-B20C-D3A381C9A36A}.Debug|Mixed Platforms.Build.0 = Debug|Any CPU
		{65E4CC10-B91D-4645-B20C-D3A381C9A36A}.Debug|x64.ActiveCfg = Debug|Any CPU
		{65E4CC10-B91D-4645-B20C-D3A381C9A36A}.Debug|x64.Build.0 = Debug|Any CPU
		{65E4CC10-B91D-4645-B20C-D3A381C9A36A}.Debug|x86.ActiveCfg = Debug|x86
		{65E4CC10-B91D-4645-B20C-D3A381C9A36A}.Debug|x86.Build.0 = Debug|x86
		{65E4CC10-B91D-4645-B20C-D3A381C9A36A}.Release|Any CPU.ActiveCfg = Release|Any CPU
		{65E4CC10-B91D-4645-B20C-D3A381C9A36A}.Release|Any CPU.Build.0 = Release|Any CPU
		{65E4CC10-B91D-4645-B20C-D3A381C9A36A}.Release|ARM.ActiveCfg = Release|Any CPU
		{65E4CC10-B91D-4645-B20C-D3A381C9A36A}.Release|ARM.Build.0 = Release|Any CPU
		{65E4CC10-B91D-4645-B20C-D3A381C9A36A}.Release|Mixed Platforms.ActiveCfg = Release|x86
		{65E4CC10-B91D-4645-B20C-D3A381C9A36A}.Release|Mixed Platforms.Build.0 = Release|x86
		{65E4CC10-B91D-4645-B20C-D3A381C9A36A}.Release|x64.ActiveCfg = Release|Any CPU
		{65E4CC10-B91D-4645-B20C-D3A381C9A36A}.Release|x86.ActiveCfg = Release|x86
		{65E4CC10-B91D-4645-B20C-D3A381C9A36A}.Release|x86.Build.0 = Release|x86
		{65E4CC10-B91D-4645-B20C-D3A381C9A36A}.Special|Any CPU.ActiveCfg = Release|Any CPU
		{65E4CC10-B91D-4645-B20C-D3A381C9A36A}.Special|Any CPU.Build.0 = Release|Any CPU
		{65E4CC10-B91D-4645-B20C-D3A381C9A36A}.Special|ARM.ActiveCfg = Release|Any CPU
		{65E4CC10-B91D-4645-B20C-D3A381C9A36A}.Special|ARM.Build.0 = Release|Any CPU
		{65E4CC10-B91D-4645-B20C-D3A381C9A36A}.Special|Mixed Platforms.ActiveCfg = Release|x86
		{65E4CC10-B91D-4645-B20C-D3A381C9A36A}.Special|Mixed Platforms.Build.0 = Release|x86
		{65E4CC10-B91D-4645-B20C-D3A381C9A36A}.Special|x64.ActiveCfg = Release|Any CPU
		{65E4CC10-B91D-4645-B20C-D3A381C9A36A}.Special|x64.Build.0 = Release|Any CPU
		{65E4CC10-B91D-4645-B20C-D3A381C9A36A}.Special|x86.ActiveCfg = Release|x86
		{65E4CC10-B91D-4645-B20C-D3A381C9A36A}.Special|x86.Build.0 = Release|x86
		{65E4CC10-B91D-4645-B20C-D3A381C9A36A}.Wix|Any CPU.ActiveCfg = Release|Any CPU
		{65E4CC10-B91D-4645-B20C-D3A381C9A36A}.Wix|Any CPU.Build.0 = Release|Any CPU
		{65E4CC10-B91D-4645-B20C-D3A381C9A36A}.Wix|ARM.ActiveCfg = Release|Any CPU
		{65E4CC10-B91D-4645-B20C-D3A381C9A36A}.Wix|ARM.Build.0 = Release|Any CPU
		{65E4CC10-B91D-4645-B20C-D3A381C9A36A}.Wix|Mixed Platforms.ActiveCfg = Release|x86
		{65E4CC10-B91D-4645-B20C-D3A381C9A36A}.Wix|Mixed Platforms.Build.0 = Release|x86
		{65E4CC10-B91D-4645-B20C-D3A381C9A36A}.Wix|x64.ActiveCfg = Release|Any CPU
		{65E4CC10-B91D-4645-B20C-D3A381C9A36A}.Wix|x64.Build.0 = Release|Any CPU
		{65E4CC10-B91D-4645-B20C-D3A381C9A36A}.Wix|x86.ActiveCfg = Release|x86
		{65E4CC10-B91D-4645-B20C-D3A381C9A36A}.Wix|x86.Build.0 = Release|x86
		{156C2AF0-3DA8-4D8C-A525-5400185579B3}.Debug|Any CPU.ActiveCfg = Debug|Any CPU
		{156C2AF0-3DA8-4D8C-A525-5400185579B3}.Debug|Any CPU.Build.0 = Debug|Any CPU
		{156C2AF0-3DA8-4D8C-A525-5400185579B3}.Debug|ARM.ActiveCfg = Debug|Any CPU
		{156C2AF0-3DA8-4D8C-A525-5400185579B3}.Debug|ARM.Build.0 = Debug|Any CPU
		{156C2AF0-3DA8-4D8C-A525-5400185579B3}.Debug|Mixed Platforms.ActiveCfg = Debug|Any CPU
		{156C2AF0-3DA8-4D8C-A525-5400185579B3}.Debug|Mixed Platforms.Build.0 = Debug|Any CPU
		{156C2AF0-3DA8-4D8C-A525-5400185579B3}.Debug|x64.ActiveCfg = Debug|Any CPU
		{156C2AF0-3DA8-4D8C-A525-5400185579B3}.Debug|x64.Build.0 = Debug|Any CPU
		{156C2AF0-3DA8-4D8C-A525-5400185579B3}.Debug|x86.ActiveCfg = Debug|Any CPU
		{156C2AF0-3DA8-4D8C-A525-5400185579B3}.Release|Any CPU.ActiveCfg = Release|Any CPU
		{156C2AF0-3DA8-4D8C-A525-5400185579B3}.Release|Any CPU.Build.0 = Release|Any CPU
		{156C2AF0-3DA8-4D8C-A525-5400185579B3}.Release|ARM.ActiveCfg = Release|Any CPU
		{156C2AF0-3DA8-4D8C-A525-5400185579B3}.Release|ARM.Build.0 = Release|Any CPU
		{156C2AF0-3DA8-4D8C-A525-5400185579B3}.Release|Mixed Platforms.ActiveCfg = Release|Any CPU
		{156C2AF0-3DA8-4D8C-A525-5400185579B3}.Release|Mixed Platforms.Build.0 = Release|Any CPU
		{156C2AF0-3DA8-4D8C-A525-5400185579B3}.Release|x64.ActiveCfg = Release|Any CPU
		{156C2AF0-3DA8-4D8C-A525-5400185579B3}.Release|x86.ActiveCfg = Release|Any CPU
		{156C2AF0-3DA8-4D8C-A525-5400185579B3}.Special|Any CPU.ActiveCfg = Release|Any CPU
		{156C2AF0-3DA8-4D8C-A525-5400185579B3}.Special|Any CPU.Build.0 = Release|Any CPU
		{156C2AF0-3DA8-4D8C-A525-5400185579B3}.Special|ARM.ActiveCfg = Release|Any CPU
		{156C2AF0-3DA8-4D8C-A525-5400185579B3}.Special|ARM.Build.0 = Release|Any CPU
		{156C2AF0-3DA8-4D8C-A525-5400185579B3}.Special|Mixed Platforms.ActiveCfg = Release|Any CPU
		{156C2AF0-3DA8-4D8C-A525-5400185579B3}.Special|Mixed Platforms.Build.0 = Release|Any CPU
		{156C2AF0-3DA8-4D8C-A525-5400185579B3}.Special|x64.ActiveCfg = Release|Any CPU
		{156C2AF0-3DA8-4D8C-A525-5400185579B3}.Special|x64.Build.0 = Release|Any CPU
		{156C2AF0-3DA8-4D8C-A525-5400185579B3}.Special|x86.ActiveCfg = Release|Any CPU
		{156C2AF0-3DA8-4D8C-A525-5400185579B3}.Special|x86.Build.0 = Release|Any CPU
		{156C2AF0-3DA8-4D8C-A525-5400185579B3}.Wix|Any CPU.ActiveCfg = Release|Any CPU
		{156C2AF0-3DA8-4D8C-A525-5400185579B3}.Wix|Any CPU.Build.0 = Release|Any CPU
		{156C2AF0-3DA8-4D8C-A525-5400185579B3}.Wix|ARM.ActiveCfg = Release|Any CPU
		{156C2AF0-3DA8-4D8C-A525-5400185579B3}.Wix|ARM.Build.0 = Release|Any CPU
		{156C2AF0-3DA8-4D8C-A525-5400185579B3}.Wix|Mixed Platforms.ActiveCfg = Release|Any CPU
		{156C2AF0-3DA8-4D8C-A525-5400185579B3}.Wix|Mixed Platforms.Build.0 = Release|Any CPU
		{156C2AF0-3DA8-4D8C-A525-5400185579B3}.Wix|x64.ActiveCfg = Release|Any CPU
		{156C2AF0-3DA8-4D8C-A525-5400185579B3}.Wix|x64.Build.0 = Release|Any CPU
		{156C2AF0-3DA8-4D8C-A525-5400185579B3}.Wix|x86.ActiveCfg = Release|Any CPU
		{156C2AF0-3DA8-4D8C-A525-5400185579B3}.Wix|x86.Build.0 = Release|Any CPU
		{DDB48421-ADD5-499B-AE19-62184A2F2051}.Debug|Any CPU.ActiveCfg = Debug|Any CPU
		{DDB48421-ADD5-499B-AE19-62184A2F2051}.Debug|Any CPU.Build.0 = Debug|Any CPU
		{DDB48421-ADD5-499B-AE19-62184A2F2051}.Debug|ARM.ActiveCfg = Debug|Any CPU
		{DDB48421-ADD5-499B-AE19-62184A2F2051}.Debug|ARM.Build.0 = Debug|Any CPU
		{DDB48421-ADD5-499B-AE19-62184A2F2051}.Debug|Mixed Platforms.ActiveCfg = Debug|Any CPU
		{DDB48421-ADD5-499B-AE19-62184A2F2051}.Debug|Mixed Platforms.Build.0 = Debug|Any CPU
		{DDB48421-ADD5-499B-AE19-62184A2F2051}.Debug|x64.ActiveCfg = Debug|Any CPU
		{DDB48421-ADD5-499B-AE19-62184A2F2051}.Debug|x64.Build.0 = Debug|Any CPU
		{DDB48421-ADD5-499B-AE19-62184A2F2051}.Debug|x86.ActiveCfg = Debug|Any CPU
		{DDB48421-ADD5-499B-AE19-62184A2F2051}.Release|Any CPU.ActiveCfg = Release|Any CPU
		{DDB48421-ADD5-499B-AE19-62184A2F2051}.Release|Any CPU.Build.0 = Release|Any CPU
		{DDB48421-ADD5-499B-AE19-62184A2F2051}.Release|ARM.ActiveCfg = Release|Any CPU
		{DDB48421-ADD5-499B-AE19-62184A2F2051}.Release|ARM.Build.0 = Release|Any CPU
		{DDB48421-ADD5-499B-AE19-62184A2F2051}.Release|Mixed Platforms.ActiveCfg = Release|Any CPU
		{DDB48421-ADD5-499B-AE19-62184A2F2051}.Release|Mixed Platforms.Build.0 = Release|Any CPU
		{DDB48421-ADD5-499B-AE19-62184A2F2051}.Release|x64.ActiveCfg = Release|Any CPU
		{DDB48421-ADD5-499B-AE19-62184A2F2051}.Release|x86.ActiveCfg = Release|Any CPU
		{DDB48421-ADD5-499B-AE19-62184A2F2051}.Special|Any CPU.ActiveCfg = Wix|Any CPU
		{DDB48421-ADD5-499B-AE19-62184A2F2051}.Special|Any CPU.Build.0 = Wix|Any CPU
		{DDB48421-ADD5-499B-AE19-62184A2F2051}.Special|ARM.ActiveCfg = Wix|Any CPU
		{DDB48421-ADD5-499B-AE19-62184A2F2051}.Special|ARM.Build.0 = Wix|Any CPU
		{DDB48421-ADD5-499B-AE19-62184A2F2051}.Special|Mixed Platforms.ActiveCfg = Wix|Any CPU
		{DDB48421-ADD5-499B-AE19-62184A2F2051}.Special|Mixed Platforms.Build.0 = Wix|Any CPU
		{DDB48421-ADD5-499B-AE19-62184A2F2051}.Special|x64.ActiveCfg = Wix|Any CPU
		{DDB48421-ADD5-499B-AE19-62184A2F2051}.Special|x64.Build.0 = Wix|Any CPU
		{DDB48421-ADD5-499B-AE19-62184A2F2051}.Special|x86.ActiveCfg = Wix|Any CPU
		{DDB48421-ADD5-499B-AE19-62184A2F2051}.Special|x86.Build.0 = Wix|Any CPU
		{DDB48421-ADD5-499B-AE19-62184A2F2051}.Wix|Any CPU.ActiveCfg = Wix|Any CPU
		{DDB48421-ADD5-499B-AE19-62184A2F2051}.Wix|Any CPU.Build.0 = Wix|Any CPU
		{DDB48421-ADD5-499B-AE19-62184A2F2051}.Wix|ARM.ActiveCfg = Wix|Any CPU
		{DDB48421-ADD5-499B-AE19-62184A2F2051}.Wix|ARM.Build.0 = Wix|Any CPU
		{DDB48421-ADD5-499B-AE19-62184A2F2051}.Wix|Mixed Platforms.ActiveCfg = Wix|Any CPU
		{DDB48421-ADD5-499B-AE19-62184A2F2051}.Wix|Mixed Platforms.Build.0 = Wix|Any CPU
		{DDB48421-ADD5-499B-AE19-62184A2F2051}.Wix|x64.ActiveCfg = Wix|Any CPU
		{DDB48421-ADD5-499B-AE19-62184A2F2051}.Wix|x64.Build.0 = Wix|Any CPU
		{DDB48421-ADD5-499B-AE19-62184A2F2051}.Wix|x86.ActiveCfg = Wix|Any CPU
		{DDB48421-ADD5-499B-AE19-62184A2F2051}.Wix|x86.Build.0 = Wix|Any CPU
		{CD544712-0665-44DB-BB70-5B9D4395B050}.Debug|Any CPU.ActiveCfg = Debug|Any CPU
		{CD544712-0665-44DB-BB70-5B9D4395B050}.Debug|Any CPU.Build.0 = Debug|Any CPU
		{CD544712-0665-44DB-BB70-5B9D4395B050}.Debug|ARM.ActiveCfg = Debug|Any CPU
		{CD544712-0665-44DB-BB70-5B9D4395B050}.Debug|ARM.Build.0 = Debug|Any CPU
		{CD544712-0665-44DB-BB70-5B9D4395B050}.Debug|Mixed Platforms.ActiveCfg = Debug|Any CPU
		{CD544712-0665-44DB-BB70-5B9D4395B050}.Debug|Mixed Platforms.Build.0 = Debug|Any CPU
		{CD544712-0665-44DB-BB70-5B9D4395B050}.Debug|x64.ActiveCfg = Debug|Any CPU
		{CD544712-0665-44DB-BB70-5B9D4395B050}.Debug|x64.Build.0 = Debug|Any CPU
		{CD544712-0665-44DB-BB70-5B9D4395B050}.Debug|x86.ActiveCfg = Debug|Any CPU
		{CD544712-0665-44DB-BB70-5B9D4395B050}.Release|Any CPU.ActiveCfg = Release|Any CPU
		{CD544712-0665-44DB-BB70-5B9D4395B050}.Release|Any CPU.Build.0 = Release|Any CPU
		{CD544712-0665-44DB-BB70-5B9D4395B050}.Release|ARM.ActiveCfg = Release|Any CPU
		{CD544712-0665-44DB-BB70-5B9D4395B050}.Release|ARM.Build.0 = Release|Any CPU
		{CD544712-0665-44DB-BB70-5B9D4395B050}.Release|Mixed Platforms.ActiveCfg = Release|Any CPU
		{CD544712-0665-44DB-BB70-5B9D4395B050}.Release|Mixed Platforms.Build.0 = Release|Any CPU
		{CD544712-0665-44DB-BB70-5B9D4395B050}.Release|x64.ActiveCfg = Release|Any CPU
		{CD544712-0665-44DB-BB70-5B9D4395B050}.Release|x86.ActiveCfg = Release|Any CPU
		{CD544712-0665-44DB-BB70-5B9D4395B050}.Special|Any CPU.ActiveCfg = Release|Any CPU
		{CD544712-0665-44DB-BB70-5B9D4395B050}.Special|Any CPU.Build.0 = Release|Any CPU
		{CD544712-0665-44DB-BB70-5B9D4395B050}.Special|ARM.ActiveCfg = Release|Any CPU
		{CD544712-0665-44DB-BB70-5B9D4395B050}.Special|ARM.Build.0 = Release|Any CPU
		{CD544712-0665-44DB-BB70-5B9D4395B050}.Special|Mixed Platforms.ActiveCfg = Release|Any CPU
		{CD544712-0665-44DB-BB70-5B9D4395B050}.Special|Mixed Platforms.Build.0 = Release|Any CPU
		{CD544712-0665-44DB-BB70-5B9D4395B050}.Special|x64.ActiveCfg = Release|Any CPU
		{CD544712-0665-44DB-BB70-5B9D4395B050}.Special|x64.Build.0 = Release|Any CPU
		{CD544712-0665-44DB-BB70-5B9D4395B050}.Special|x86.ActiveCfg = Release|Any CPU
		{CD544712-0665-44DB-BB70-5B9D4395B050}.Special|x86.Build.0 = Release|Any CPU
		{CD544712-0665-44DB-BB70-5B9D4395B050}.Wix|Any CPU.ActiveCfg = Release|Any CPU
		{CD544712-0665-44DB-BB70-5B9D4395B050}.Wix|Any CPU.Build.0 = Release|Any CPU
		{CD544712-0665-44DB-BB70-5B9D4395B050}.Wix|ARM.ActiveCfg = Release|Any CPU
		{CD544712-0665-44DB-BB70-5B9D4395B050}.Wix|ARM.Build.0 = Release|Any CPU
		{CD544712-0665-44DB-BB70-5B9D4395B050}.Wix|Mixed Platforms.ActiveCfg = Release|Any CPU
		{CD544712-0665-44DB-BB70-5B9D4395B050}.Wix|Mixed Platforms.Build.0 = Release|Any CPU
		{CD544712-0665-44DB-BB70-5B9D4395B050}.Wix|x64.ActiveCfg = Release|Any CPU
		{CD544712-0665-44DB-BB70-5B9D4395B050}.Wix|x64.Build.0 = Release|Any CPU
		{CD544712-0665-44DB-BB70-5B9D4395B050}.Wix|x86.ActiveCfg = Release|Any CPU
		{CD544712-0665-44DB-BB70-5B9D4395B050}.Wix|x86.Build.0 = Release|Any CPU
		{B008B931-21E4-40B6-92F0-DD1BEBC569F3}.Debug|Any CPU.ActiveCfg = Debug|Any CPU
		{B008B931-21E4-40B6-92F0-DD1BEBC569F3}.Debug|Any CPU.Build.0 = Debug|Any CPU
		{B008B931-21E4-40B6-92F0-DD1BEBC569F3}.Debug|ARM.ActiveCfg = Debug|Any CPU
		{B008B931-21E4-40B6-92F0-DD1BEBC569F3}.Debug|ARM.Build.0 = Debug|Any CPU
		{B008B931-21E4-40B6-92F0-DD1BEBC569F3}.Debug|Mixed Platforms.ActiveCfg = Debug|Any CPU
		{B008B931-21E4-40B6-92F0-DD1BEBC569F3}.Debug|Mixed Platforms.Build.0 = Debug|Any CPU
		{B008B931-21E4-40B6-92F0-DD1BEBC569F3}.Debug|x64.ActiveCfg = Debug|Any CPU
		{B008B931-21E4-40B6-92F0-DD1BEBC569F3}.Debug|x64.Build.0 = Debug|Any CPU
		{B008B931-21E4-40B6-92F0-DD1BEBC569F3}.Debug|x86.ActiveCfg = Debug|Any CPU
		{B008B931-21E4-40B6-92F0-DD1BEBC569F3}.Release|Any CPU.ActiveCfg = Release|Any CPU
		{B008B931-21E4-40B6-92F0-DD1BEBC569F3}.Release|Any CPU.Build.0 = Release|Any CPU
		{B008B931-21E4-40B6-92F0-DD1BEBC569F3}.Release|ARM.ActiveCfg = Release|Any CPU
		{B008B931-21E4-40B6-92F0-DD1BEBC569F3}.Release|ARM.Build.0 = Release|Any CPU
		{B008B931-21E4-40B6-92F0-DD1BEBC569F3}.Release|Mixed Platforms.ActiveCfg = Release|Any CPU
		{B008B931-21E4-40B6-92F0-DD1BEBC569F3}.Release|Mixed Platforms.Build.0 = Release|Any CPU
		{B008B931-21E4-40B6-92F0-DD1BEBC569F3}.Release|x64.ActiveCfg = Release|Any CPU
		{B008B931-21E4-40B6-92F0-DD1BEBC569F3}.Release|x86.ActiveCfg = Release|Any CPU
		{B008B931-21E4-40B6-92F0-DD1BEBC569F3}.Special|Any CPU.ActiveCfg = Release|Any CPU
		{B008B931-21E4-40B6-92F0-DD1BEBC569F3}.Special|Any CPU.Build.0 = Release|Any CPU
		{B008B931-21E4-40B6-92F0-DD1BEBC569F3}.Special|ARM.ActiveCfg = Release|Any CPU
		{B008B931-21E4-40B6-92F0-DD1BEBC569F3}.Special|ARM.Build.0 = Release|Any CPU
		{B008B931-21E4-40B6-92F0-DD1BEBC569F3}.Special|Mixed Platforms.ActiveCfg = Release|Any CPU
		{B008B931-21E4-40B6-92F0-DD1BEBC569F3}.Special|Mixed Platforms.Build.0 = Release|Any CPU
		{B008B931-21E4-40B6-92F0-DD1BEBC569F3}.Special|x64.ActiveCfg = Release|Any CPU
		{B008B931-21E4-40B6-92F0-DD1BEBC569F3}.Special|x64.Build.0 = Release|Any CPU
		{B008B931-21E4-40B6-92F0-DD1BEBC569F3}.Special|x86.ActiveCfg = Release|Any CPU
		{B008B931-21E4-40B6-92F0-DD1BEBC569F3}.Special|x86.Build.0 = Release|Any CPU
		{B008B931-21E4-40B6-92F0-DD1BEBC569F3}.Wix|Any CPU.ActiveCfg = Release|Any CPU
		{B008B931-21E4-40B6-92F0-DD1BEBC569F3}.Wix|Any CPU.Build.0 = Release|Any CPU
		{B008B931-21E4-40B6-92F0-DD1BEBC569F3}.Wix|ARM.ActiveCfg = Release|Any CPU
		{B008B931-21E4-40B6-92F0-DD1BEBC569F3}.Wix|ARM.Build.0 = Release|Any CPU
		{B008B931-21E4-40B6-92F0-DD1BEBC569F3}.Wix|Mixed Platforms.ActiveCfg = Release|Any CPU
		{B008B931-21E4-40B6-92F0-DD1BEBC569F3}.Wix|Mixed Platforms.Build.0 = Release|Any CPU
		{B008B931-21E4-40B6-92F0-DD1BEBC569F3}.Wix|x64.ActiveCfg = Release|Any CPU
		{B008B931-21E4-40B6-92F0-DD1BEBC569F3}.Wix|x64.Build.0 = Release|Any CPU
		{B008B931-21E4-40B6-92F0-DD1BEBC569F3}.Wix|x86.ActiveCfg = Release|Any CPU
		{B008B931-21E4-40B6-92F0-DD1BEBC569F3}.Wix|x86.Build.0 = Release|Any CPU
		{C47E57DC-6454-4798-A802-8D0BAC07E580}.Debug|Any CPU.ActiveCfg = Debug|x86
		{C47E57DC-6454-4798-A802-8D0BAC07E580}.Debug|Any CPU.Build.0 = Debug|x86
		{C47E57DC-6454-4798-A802-8D0BAC07E580}.Debug|ARM.ActiveCfg = Debug|x86
		{C47E57DC-6454-4798-A802-8D0BAC07E580}.Debug|Mixed Platforms.ActiveCfg = Debug|x86
		{C47E57DC-6454-4798-A802-8D0BAC07E580}.Debug|Mixed Platforms.Build.0 = Debug|x86
		{C47E57DC-6454-4798-A802-8D0BAC07E580}.Debug|x64.ActiveCfg = Debug|x86
		{C47E57DC-6454-4798-A802-8D0BAC07E580}.Debug|x86.ActiveCfg = Debug|x86
		{C47E57DC-6454-4798-A802-8D0BAC07E580}.Debug|x86.Build.0 = Debug|x86
		{C47E57DC-6454-4798-A802-8D0BAC07E580}.Release|Any CPU.ActiveCfg = Release|x86
		{C47E57DC-6454-4798-A802-8D0BAC07E580}.Release|Any CPU.Build.0 = Release|x86
		{C47E57DC-6454-4798-A802-8D0BAC07E580}.Release|ARM.ActiveCfg = Release|x86
		{C47E57DC-6454-4798-A802-8D0BAC07E580}.Release|Mixed Platforms.ActiveCfg = Release|x86
		{C47E57DC-6454-4798-A802-8D0BAC07E580}.Release|Mixed Platforms.Build.0 = Release|x86
		{C47E57DC-6454-4798-A802-8D0BAC07E580}.Release|x64.ActiveCfg = Release|x86
		{C47E57DC-6454-4798-A802-8D0BAC07E580}.Release|x64.Build.0 = Release|x86
		{C47E57DC-6454-4798-A802-8D0BAC07E580}.Release|x86.ActiveCfg = Release|x86
		{C47E57DC-6454-4798-A802-8D0BAC07E580}.Release|x86.Build.0 = Release|x86
		{C47E57DC-6454-4798-A802-8D0BAC07E580}.Special|Any CPU.ActiveCfg = Release|x64
		{C47E57DC-6454-4798-A802-8D0BAC07E580}.Special|Any CPU.Build.0 = Release|x64
		{C47E57DC-6454-4798-A802-8D0BAC07E580}.Special|ARM.ActiveCfg = Debug|x64
		{C47E57DC-6454-4798-A802-8D0BAC07E580}.Special|ARM.Build.0 = Debug|x64
		{C47E57DC-6454-4798-A802-8D0BAC07E580}.Special|Mixed Platforms.ActiveCfg = Release|x86
		{C47E57DC-6454-4798-A802-8D0BAC07E580}.Special|Mixed Platforms.Build.0 = Release|x86
		{C47E57DC-6454-4798-A802-8D0BAC07E580}.Special|x64.ActiveCfg = Release|x64
		{C47E57DC-6454-4798-A802-8D0BAC07E580}.Special|x64.Build.0 = Release|x64
		{C47E57DC-6454-4798-A802-8D0BAC07E580}.Special|x86.ActiveCfg = Release|x86
		{C47E57DC-6454-4798-A802-8D0BAC07E580}.Special|x86.Build.0 = Release|x86
		{C47E57DC-6454-4798-A802-8D0BAC07E580}.Wix|Any CPU.ActiveCfg = Release|x64
		{C47E57DC-6454-4798-A802-8D0BAC07E580}.Wix|Any CPU.Build.0 = Release|x64
		{C47E57DC-6454-4798-A802-8D0BAC07E580}.Wix|ARM.ActiveCfg = Debug|x64
		{C47E57DC-6454-4798-A802-8D0BAC07E580}.Wix|ARM.Build.0 = Debug|x64
		{C47E57DC-6454-4798-A802-8D0BAC07E580}.Wix|Mixed Platforms.ActiveCfg = Release|x86
		{C47E57DC-6454-4798-A802-8D0BAC07E580}.Wix|Mixed Platforms.Build.0 = Release|x86
		{C47E57DC-6454-4798-A802-8D0BAC07E580}.Wix|x64.ActiveCfg = Release|x64
		{C47E57DC-6454-4798-A802-8D0BAC07E580}.Wix|x64.Build.0 = Release|x64
		{C47E57DC-6454-4798-A802-8D0BAC07E580}.Wix|x86.ActiveCfg = Release|x86
		{C47E57DC-6454-4798-A802-8D0BAC07E580}.Wix|x86.Build.0 = Release|x86
		{7E3780F5-8434-4978-82ED-8C05D1F07D8B}.Debug|Any CPU.ActiveCfg = Debug|Any CPU
		{7E3780F5-8434-4978-82ED-8C05D1F07D8B}.Debug|Any CPU.Build.0 = Debug|Any CPU
		{7E3780F5-8434-4978-82ED-8C05D1F07D8B}.Debug|ARM.ActiveCfg = Debug|Any CPU
		{7E3780F5-8434-4978-82ED-8C05D1F07D8B}.Debug|ARM.Build.0 = Debug|Any CPU
		{7E3780F5-8434-4978-82ED-8C05D1F07D8B}.Debug|Mixed Platforms.ActiveCfg = Debug|Any CPU
		{7E3780F5-8434-4978-82ED-8C05D1F07D8B}.Debug|Mixed Platforms.Build.0 = Debug|Any CPU
		{7E3780F5-8434-4978-82ED-8C05D1F07D8B}.Debug|x64.ActiveCfg = Debug|Any CPU
		{7E3780F5-8434-4978-82ED-8C05D1F07D8B}.Debug|x64.Build.0 = Debug|Any CPU
		{7E3780F5-8434-4978-82ED-8C05D1F07D8B}.Debug|x86.ActiveCfg = Debug|Any CPU
		{7E3780F5-8434-4978-82ED-8C05D1F07D8B}.Debug|x86.Build.0 = Debug|Any CPU
		{7E3780F5-8434-4978-82ED-8C05D1F07D8B}.Release|Any CPU.ActiveCfg = Release|Any CPU
		{7E3780F5-8434-4978-82ED-8C05D1F07D8B}.Release|Any CPU.Build.0 = Release|Any CPU
		{7E3780F5-8434-4978-82ED-8C05D1F07D8B}.Release|ARM.ActiveCfg = Release|Any CPU
		{7E3780F5-8434-4978-82ED-8C05D1F07D8B}.Release|ARM.Build.0 = Release|Any CPU
		{7E3780F5-8434-4978-82ED-8C05D1F07D8B}.Release|Mixed Platforms.ActiveCfg = Release|Any CPU
		{7E3780F5-8434-4978-82ED-8C05D1F07D8B}.Release|Mixed Platforms.Build.0 = Release|Any CPU
		{7E3780F5-8434-4978-82ED-8C05D1F07D8B}.Release|x64.ActiveCfg = Release|Any CPU
		{7E3780F5-8434-4978-82ED-8C05D1F07D8B}.Release|x64.Build.0 = Release|Any CPU
		{7E3780F5-8434-4978-82ED-8C05D1F07D8B}.Release|x86.ActiveCfg = Release|Any CPU
		{7E3780F5-8434-4978-82ED-8C05D1F07D8B}.Release|x86.Build.0 = Release|Any CPU
		{7E3780F5-8434-4978-82ED-8C05D1F07D8B}.Special|Any CPU.ActiveCfg = Release|Any CPU
		{7E3780F5-8434-4978-82ED-8C05D1F07D8B}.Special|Any CPU.Build.0 = Release|Any CPU
		{7E3780F5-8434-4978-82ED-8C05D1F07D8B}.Special|ARM.ActiveCfg = Release|Any CPU
		{7E3780F5-8434-4978-82ED-8C05D1F07D8B}.Special|ARM.Build.0 = Release|Any CPU
		{7E3780F5-8434-4978-82ED-8C05D1F07D8B}.Special|Mixed Platforms.ActiveCfg = Release|Any CPU
		{7E3780F5-8434-4978-82ED-8C05D1F07D8B}.Special|Mixed Platforms.Build.0 = Release|Any CPU
		{7E3780F5-8434-4978-82ED-8C05D1F07D8B}.Special|x64.ActiveCfg = Release|Any CPU
		{7E3780F5-8434-4978-82ED-8C05D1F07D8B}.Special|x64.Build.0 = Release|Any CPU
		{7E3780F5-8434-4978-82ED-8C05D1F07D8B}.Special|x86.ActiveCfg = Release|Any CPU
		{7E3780F5-8434-4978-82ED-8C05D1F07D8B}.Special|x86.Build.0 = Release|Any CPU
		{7E3780F5-8434-4978-82ED-8C05D1F07D8B}.Wix|Any CPU.ActiveCfg = Release|Any CPU
		{7E3780F5-8434-4978-82ED-8C05D1F07D8B}.Wix|Any CPU.Build.0 = Release|Any CPU
		{7E3780F5-8434-4978-82ED-8C05D1F07D8B}.Wix|ARM.ActiveCfg = Release|Any CPU
		{7E3780F5-8434-4978-82ED-8C05D1F07D8B}.Wix|ARM.Build.0 = Release|Any CPU
		{7E3780F5-8434-4978-82ED-8C05D1F07D8B}.Wix|Mixed Platforms.ActiveCfg = Release|Any CPU
		{7E3780F5-8434-4978-82ED-8C05D1F07D8B}.Wix|Mixed Platforms.Build.0 = Release|Any CPU
		{7E3780F5-8434-4978-82ED-8C05D1F07D8B}.Wix|x64.ActiveCfg = Release|Any CPU
		{7E3780F5-8434-4978-82ED-8C05D1F07D8B}.Wix|x64.Build.0 = Release|Any CPU
		{7E3780F5-8434-4978-82ED-8C05D1F07D8B}.Wix|x86.ActiveCfg = Release|Any CPU
		{7E3780F5-8434-4978-82ED-8C05D1F07D8B}.Wix|x86.Build.0 = Release|Any CPU
		{C9EDB4B0-618F-497D-944F-AB0A72736B00}.Debug|Any CPU.ActiveCfg = Debug|Any CPU
		{C9EDB4B0-618F-497D-944F-AB0A72736B00}.Debug|Any CPU.Build.0 = Debug|Any CPU
		{C9EDB4B0-618F-497D-944F-AB0A72736B00}.Debug|ARM.ActiveCfg = Debug|Any CPU
		{C9EDB4B0-618F-497D-944F-AB0A72736B00}.Debug|ARM.Build.0 = Debug|Any CPU
		{C9EDB4B0-618F-497D-944F-AB0A72736B00}.Debug|Mixed Platforms.ActiveCfg = Debug|Any CPU
		{C9EDB4B0-618F-497D-944F-AB0A72736B00}.Debug|Mixed Platforms.Build.0 = Debug|Any CPU
		{C9EDB4B0-618F-497D-944F-AB0A72736B00}.Debug|x64.ActiveCfg = Debug|Any CPU
		{C9EDB4B0-618F-497D-944F-AB0A72736B00}.Debug|x64.Build.0 = Debug|Any CPU
		{C9EDB4B0-618F-497D-944F-AB0A72736B00}.Debug|x86.ActiveCfg = Debug|Any CPU
		{C9EDB4B0-618F-497D-944F-AB0A72736B00}.Debug|x86.Build.0 = Debug|Any CPU
		{C9EDB4B0-618F-497D-944F-AB0A72736B00}.Release|Any CPU.ActiveCfg = Release|Any CPU
		{C9EDB4B0-618F-497D-944F-AB0A72736B00}.Release|ARM.ActiveCfg = Release|Any CPU
		{C9EDB4B0-618F-497D-944F-AB0A72736B00}.Release|ARM.Build.0 = Release|Any CPU
		{C9EDB4B0-618F-497D-944F-AB0A72736B00}.Release|Mixed Platforms.ActiveCfg = Release|Any CPU
		{C9EDB4B0-618F-497D-944F-AB0A72736B00}.Release|x64.ActiveCfg = Release|Any CPU
		{C9EDB4B0-618F-497D-944F-AB0A72736B00}.Release|x64.Build.0 = Release|Any CPU
		{C9EDB4B0-618F-497D-944F-AB0A72736B00}.Release|x86.ActiveCfg = Release|Any CPU
		{C9EDB4B0-618F-497D-944F-AB0A72736B00}.Release|x86.Build.0 = Release|Any CPU
		{C9EDB4B0-618F-497D-944F-AB0A72736B00}.Special|Any CPU.ActiveCfg = Release|Any CPU
		{C9EDB4B0-618F-497D-944F-AB0A72736B00}.Special|Any CPU.Build.0 = Release|Any CPU
		{C9EDB4B0-618F-497D-944F-AB0A72736B00}.Special|ARM.ActiveCfg = Release|Any CPU
		{C9EDB4B0-618F-497D-944F-AB0A72736B00}.Special|ARM.Build.0 = Release|Any CPU
		{C9EDB4B0-618F-497D-944F-AB0A72736B00}.Special|Mixed Platforms.ActiveCfg = Release|Any CPU
		{C9EDB4B0-618F-497D-944F-AB0A72736B00}.Special|Mixed Platforms.Build.0 = Release|Any CPU
		{C9EDB4B0-618F-497D-944F-AB0A72736B00}.Special|x64.ActiveCfg = Release|Any CPU
		{C9EDB4B0-618F-497D-944F-AB0A72736B00}.Special|x64.Build.0 = Release|Any CPU
		{C9EDB4B0-618F-497D-944F-AB0A72736B00}.Special|x86.ActiveCfg = Release|Any CPU
		{C9EDB4B0-618F-497D-944F-AB0A72736B00}.Special|x86.Build.0 = Release|Any CPU
		{C9EDB4B0-618F-497D-944F-AB0A72736B00}.Wix|Any CPU.ActiveCfg = Release|Any CPU
		{C9EDB4B0-618F-497D-944F-AB0A72736B00}.Wix|Any CPU.Build.0 = Release|Any CPU
		{C9EDB4B0-618F-497D-944F-AB0A72736B00}.Wix|ARM.ActiveCfg = Release|Any CPU
		{C9EDB4B0-618F-497D-944F-AB0A72736B00}.Wix|ARM.Build.0 = Release|Any CPU
		{C9EDB4B0-618F-497D-944F-AB0A72736B00}.Wix|Mixed Platforms.ActiveCfg = Release|Any CPU
		{C9EDB4B0-618F-497D-944F-AB0A72736B00}.Wix|Mixed Platforms.Build.0 = Release|Any CPU
		{C9EDB4B0-618F-497D-944F-AB0A72736B00}.Wix|x64.ActiveCfg = Release|Any CPU
		{C9EDB4B0-618F-497D-944F-AB0A72736B00}.Wix|x64.Build.0 = Release|Any CPU
		{C9EDB4B0-618F-497D-944F-AB0A72736B00}.Wix|x86.ActiveCfg = Release|Any CPU
		{C9EDB4B0-618F-497D-944F-AB0A72736B00}.Wix|x86.Build.0 = Release|Any CPU
		{3BBD3DBE-40B5-44E7-82A4-F84CD0F7FDB8}.Debug|Any CPU.ActiveCfg = Debug|Any CPU
		{3BBD3DBE-40B5-44E7-82A4-F84CD0F7FDB8}.Debug|Any CPU.Build.0 = Debug|Any CPU
		{3BBD3DBE-40B5-44E7-82A4-F84CD0F7FDB8}.Debug|ARM.ActiveCfg = Debug|Any CPU
		{3BBD3DBE-40B5-44E7-82A4-F84CD0F7FDB8}.Debug|ARM.Build.0 = Debug|Any CPU
		{3BBD3DBE-40B5-44E7-82A4-F84CD0F7FDB8}.Debug|Mixed Platforms.ActiveCfg = Debug|Any CPU
		{3BBD3DBE-40B5-44E7-82A4-F84CD0F7FDB8}.Debug|Mixed Platforms.Build.0 = Debug|Any CPU
		{3BBD3DBE-40B5-44E7-82A4-F84CD0F7FDB8}.Debug|x64.ActiveCfg = Debug|Any CPU
		{3BBD3DBE-40B5-44E7-82A4-F84CD0F7FDB8}.Debug|x64.Build.0 = Debug|Any CPU
		{3BBD3DBE-40B5-44E7-82A4-F84CD0F7FDB8}.Debug|x86.ActiveCfg = Debug|Any CPU
		{3BBD3DBE-40B5-44E7-82A4-F84CD0F7FDB8}.Debug|x86.Build.0 = Debug|Any CPU
		{3BBD3DBE-40B5-44E7-82A4-F84CD0F7FDB8}.Release|Any CPU.ActiveCfg = Release|Any CPU
		{3BBD3DBE-40B5-44E7-82A4-F84CD0F7FDB8}.Release|Any CPU.Build.0 = Release|Any CPU
		{3BBD3DBE-40B5-44E7-82A4-F84CD0F7FDB8}.Release|ARM.ActiveCfg = Release|Any CPU
		{3BBD3DBE-40B5-44E7-82A4-F84CD0F7FDB8}.Release|ARM.Build.0 = Release|Any CPU
		{3BBD3DBE-40B5-44E7-82A4-F84CD0F7FDB8}.Release|Mixed Platforms.ActiveCfg = Release|Any CPU
		{3BBD3DBE-40B5-44E7-82A4-F84CD0F7FDB8}.Release|Mixed Platforms.Build.0 = Release|Any CPU
		{3BBD3DBE-40B5-44E7-82A4-F84CD0F7FDB8}.Release|x64.ActiveCfg = Release|Any CPU
		{3BBD3DBE-40B5-44E7-82A4-F84CD0F7FDB8}.Release|x64.Build.0 = Release|Any CPU
		{3BBD3DBE-40B5-44E7-82A4-F84CD0F7FDB8}.Release|x86.ActiveCfg = Release|Any CPU
		{3BBD3DBE-40B5-44E7-82A4-F84CD0F7FDB8}.Release|x86.Build.0 = Release|Any CPU
		{3BBD3DBE-40B5-44E7-82A4-F84CD0F7FDB8}.Special|Any CPU.ActiveCfg = Release|Any CPU
		{3BBD3DBE-40B5-44E7-82A4-F84CD0F7FDB8}.Special|Any CPU.Build.0 = Release|Any CPU
		{3BBD3DBE-40B5-44E7-82A4-F84CD0F7FDB8}.Special|ARM.ActiveCfg = Release|Any CPU
		{3BBD3DBE-40B5-44E7-82A4-F84CD0F7FDB8}.Special|ARM.Build.0 = Release|Any CPU
		{3BBD3DBE-40B5-44E7-82A4-F84CD0F7FDB8}.Special|Mixed Platforms.ActiveCfg = Release|Any CPU
		{3BBD3DBE-40B5-44E7-82A4-F84CD0F7FDB8}.Special|Mixed Platforms.Build.0 = Release|Any CPU
		{3BBD3DBE-40B5-44E7-82A4-F84CD0F7FDB8}.Special|x64.ActiveCfg = Release|Any CPU
		{3BBD3DBE-40B5-44E7-82A4-F84CD0F7FDB8}.Special|x64.Build.0 = Release|Any CPU
		{3BBD3DBE-40B5-44E7-82A4-F84CD0F7FDB8}.Special|x86.ActiveCfg = Release|Any CPU
		{3BBD3DBE-40B5-44E7-82A4-F84CD0F7FDB8}.Special|x86.Build.0 = Release|Any CPU
		{3BBD3DBE-40B5-44E7-82A4-F84CD0F7FDB8}.Wix|Any CPU.ActiveCfg = Release|Any CPU
		{3BBD3DBE-40B5-44E7-82A4-F84CD0F7FDB8}.Wix|Any CPU.Build.0 = Release|Any CPU
		{3BBD3DBE-40B5-44E7-82A4-F84CD0F7FDB8}.Wix|ARM.ActiveCfg = Release|Any CPU
		{3BBD3DBE-40B5-44E7-82A4-F84CD0F7FDB8}.Wix|ARM.Build.0 = Release|Any CPU
		{3BBD3DBE-40B5-44E7-82A4-F84CD0F7FDB8}.Wix|Mixed Platforms.ActiveCfg = Release|Any CPU
		{3BBD3DBE-40B5-44E7-82A4-F84CD0F7FDB8}.Wix|Mixed Platforms.Build.0 = Release|Any CPU
		{3BBD3DBE-40B5-44E7-82A4-F84CD0F7FDB8}.Wix|x64.ActiveCfg = Release|Any CPU
		{3BBD3DBE-40B5-44E7-82A4-F84CD0F7FDB8}.Wix|x64.Build.0 = Release|Any CPU
		{3BBD3DBE-40B5-44E7-82A4-F84CD0F7FDB8}.Wix|x86.ActiveCfg = Release|Any CPU
		{3BBD3DBE-40B5-44E7-82A4-F84CD0F7FDB8}.Wix|x86.Build.0 = Release|Any CPU
		{4D25B13B-4D67-433F-9181-BF5FDFA931B6}.Debug|Any CPU.ActiveCfg = Debug|Any CPU
		{4D25B13B-4D67-433F-9181-BF5FDFA931B6}.Debug|Any CPU.Build.0 = Debug|Any CPU
		{4D25B13B-4D67-433F-9181-BF5FDFA931B6}.Debug|ARM.ActiveCfg = Debug|Any CPU
		{4D25B13B-4D67-433F-9181-BF5FDFA931B6}.Debug|ARM.Build.0 = Debug|Any CPU
		{4D25B13B-4D67-433F-9181-BF5FDFA931B6}.Debug|Mixed Platforms.ActiveCfg = Debug|Any CPU
		{4D25B13B-4D67-433F-9181-BF5FDFA931B6}.Debug|Mixed Platforms.Build.0 = Debug|Any CPU
		{4D25B13B-4D67-433F-9181-BF5FDFA931B6}.Debug|x64.ActiveCfg = Debug|Any CPU
		{4D25B13B-4D67-433F-9181-BF5FDFA931B6}.Debug|x64.Build.0 = Debug|Any CPU
		{4D25B13B-4D67-433F-9181-BF5FDFA931B6}.Debug|x86.ActiveCfg = Debug|Any CPU
		{4D25B13B-4D67-433F-9181-BF5FDFA931B6}.Debug|x86.Build.0 = Debug|Any CPU
		{4D25B13B-4D67-433F-9181-BF5FDFA931B6}.Release|Any CPU.ActiveCfg = Release|Any CPU
		{4D25B13B-4D67-433F-9181-BF5FDFA931B6}.Release|Any CPU.Build.0 = Release|Any CPU
		{4D25B13B-4D67-433F-9181-BF5FDFA931B6}.Release|ARM.ActiveCfg = Release|Any CPU
		{4D25B13B-4D67-433F-9181-BF5FDFA931B6}.Release|ARM.Build.0 = Release|Any CPU
		{4D25B13B-4D67-433F-9181-BF5FDFA931B6}.Release|Mixed Platforms.ActiveCfg = Release|Any CPU
		{4D25B13B-4D67-433F-9181-BF5FDFA931B6}.Release|Mixed Platforms.Build.0 = Release|Any CPU
		{4D25B13B-4D67-433F-9181-BF5FDFA931B6}.Release|x64.ActiveCfg = Release|Any CPU
		{4D25B13B-4D67-433F-9181-BF5FDFA931B6}.Release|x64.Build.0 = Release|Any CPU
		{4D25B13B-4D67-433F-9181-BF5FDFA931B6}.Release|x86.ActiveCfg = Release|Any CPU
		{4D25B13B-4D67-433F-9181-BF5FDFA931B6}.Release|x86.Build.0 = Release|Any CPU
		{4D25B13B-4D67-433F-9181-BF5FDFA931B6}.Special|Any CPU.ActiveCfg = Wix|Any CPU
		{4D25B13B-4D67-433F-9181-BF5FDFA931B6}.Special|Any CPU.Build.0 = Wix|Any CPU
		{4D25B13B-4D67-433F-9181-BF5FDFA931B6}.Special|ARM.ActiveCfg = Wix|Any CPU
		{4D25B13B-4D67-433F-9181-BF5FDFA931B6}.Special|ARM.Build.0 = Wix|Any CPU
		{4D25B13B-4D67-433F-9181-BF5FDFA931B6}.Special|Mixed Platforms.ActiveCfg = Wix|Any CPU
		{4D25B13B-4D67-433F-9181-BF5FDFA931B6}.Special|Mixed Platforms.Build.0 = Wix|Any CPU
		{4D25B13B-4D67-433F-9181-BF5FDFA931B6}.Special|x64.ActiveCfg = Wix|Any CPU
		{4D25B13B-4D67-433F-9181-BF5FDFA931B6}.Special|x64.Build.0 = Wix|Any CPU
		{4D25B13B-4D67-433F-9181-BF5FDFA931B6}.Special|x86.ActiveCfg = Wix|Any CPU
		{4D25B13B-4D67-433F-9181-BF5FDFA931B6}.Special|x86.Build.0 = Wix|Any CPU
		{4D25B13B-4D67-433F-9181-BF5FDFA931B6}.Wix|Any CPU.ActiveCfg = Wix|Any CPU
		{4D25B13B-4D67-433F-9181-BF5FDFA931B6}.Wix|Any CPU.Build.0 = Wix|Any CPU
		{4D25B13B-4D67-433F-9181-BF5FDFA931B6}.Wix|ARM.ActiveCfg = Wix|Any CPU
		{4D25B13B-4D67-433F-9181-BF5FDFA931B6}.Wix|ARM.Build.0 = Wix|Any CPU
		{4D25B13B-4D67-433F-9181-BF5FDFA931B6}.Wix|Mixed Platforms.ActiveCfg = Wix|Any CPU
		{4D25B13B-4D67-433F-9181-BF5FDFA931B6}.Wix|Mixed Platforms.Build.0 = Wix|Any CPU
		{4D25B13B-4D67-433F-9181-BF5FDFA931B6}.Wix|x64.ActiveCfg = Wix|Any CPU
		{4D25B13B-4D67-433F-9181-BF5FDFA931B6}.Wix|x64.Build.0 = Wix|Any CPU
		{4D25B13B-4D67-433F-9181-BF5FDFA931B6}.Wix|x86.ActiveCfg = Wix|Any CPU
		{4D25B13B-4D67-433F-9181-BF5FDFA931B6}.Wix|x86.Build.0 = Wix|Any CPU
		{5FF664CD-6B8A-440A-9920-306490020021}.Debug|Any CPU.ActiveCfg = Debug|Any CPU
		{5FF664CD-6B8A-440A-9920-306490020021}.Debug|Any CPU.Build.0 = Debug|Any CPU
		{5FF664CD-6B8A-440A-9920-306490020021}.Debug|ARM.ActiveCfg = Debug|Any CPU
		{5FF664CD-6B8A-440A-9920-306490020021}.Debug|ARM.Build.0 = Debug|Any CPU
		{5FF664CD-6B8A-440A-9920-306490020021}.Debug|Mixed Platforms.ActiveCfg = Debug|Any CPU
		{5FF664CD-6B8A-440A-9920-306490020021}.Debug|Mixed Platforms.Build.0 = Debug|Any CPU
		{5FF664CD-6B8A-440A-9920-306490020021}.Debug|x64.ActiveCfg = Debug|Any CPU
		{5FF664CD-6B8A-440A-9920-306490020021}.Debug|x64.Build.0 = Debug|Any CPU
		{5FF664CD-6B8A-440A-9920-306490020021}.Debug|x86.ActiveCfg = Debug|Any CPU
		{5FF664CD-6B8A-440A-9920-306490020021}.Debug|x86.Build.0 = Debug|Any CPU
		{5FF664CD-6B8A-440A-9920-306490020021}.Release|Any CPU.ActiveCfg = Release|Any CPU
		{5FF664CD-6B8A-440A-9920-306490020021}.Release|Any CPU.Build.0 = Release|Any CPU
		{5FF664CD-6B8A-440A-9920-306490020021}.Release|ARM.ActiveCfg = Release|Any CPU
		{5FF664CD-6B8A-440A-9920-306490020021}.Release|ARM.Build.0 = Release|Any CPU
		{5FF664CD-6B8A-440A-9920-306490020021}.Release|Mixed Platforms.ActiveCfg = Release|Any CPU
		{5FF664CD-6B8A-440A-9920-306490020021}.Release|x64.ActiveCfg = Release|Any CPU
		{5FF664CD-6B8A-440A-9920-306490020021}.Release|x64.Build.0 = Release|Any CPU
		{5FF664CD-6B8A-440A-9920-306490020021}.Release|x86.ActiveCfg = Release|Any CPU
		{5FF664CD-6B8A-440A-9920-306490020021}.Release|x86.Build.0 = Release|Any CPU
		{5FF664CD-6B8A-440A-9920-306490020021}.Special|Any CPU.ActiveCfg = Release|Any CPU
		{5FF664CD-6B8A-440A-9920-306490020021}.Special|Any CPU.Build.0 = Release|Any CPU
		{5FF664CD-6B8A-440A-9920-306490020021}.Special|ARM.ActiveCfg = Release|Any CPU
		{5FF664CD-6B8A-440A-9920-306490020021}.Special|ARM.Build.0 = Release|Any CPU
		{5FF664CD-6B8A-440A-9920-306490020021}.Special|Mixed Platforms.ActiveCfg = Release|Any CPU
		{5FF664CD-6B8A-440A-9920-306490020021}.Special|Mixed Platforms.Build.0 = Release|Any CPU
		{5FF664CD-6B8A-440A-9920-306490020021}.Special|x64.ActiveCfg = Release|Any CPU
		{5FF664CD-6B8A-440A-9920-306490020021}.Special|x64.Build.0 = Release|Any CPU
		{5FF664CD-6B8A-440A-9920-306490020021}.Special|x86.ActiveCfg = Release|Any CPU
		{5FF664CD-6B8A-440A-9920-306490020021}.Special|x86.Build.0 = Release|Any CPU
		{5FF664CD-6B8A-440A-9920-306490020021}.Wix|Any CPU.ActiveCfg = Release|Any CPU
		{5FF664CD-6B8A-440A-9920-306490020021}.Wix|Any CPU.Build.0 = Release|Any CPU
		{5FF664CD-6B8A-440A-9920-306490020021}.Wix|ARM.ActiveCfg = Release|Any CPU
		{5FF664CD-6B8A-440A-9920-306490020021}.Wix|ARM.Build.0 = Release|Any CPU
		{5FF664CD-6B8A-440A-9920-306490020021}.Wix|Mixed Platforms.ActiveCfg = Release|Any CPU
		{5FF664CD-6B8A-440A-9920-306490020021}.Wix|Mixed Platforms.Build.0 = Release|Any CPU
		{5FF664CD-6B8A-440A-9920-306490020021}.Wix|x64.ActiveCfg = Release|Any CPU
		{5FF664CD-6B8A-440A-9920-306490020021}.Wix|x64.Build.0 = Release|Any CPU
		{5FF664CD-6B8A-440A-9920-306490020021}.Wix|x86.ActiveCfg = Release|Any CPU
		{5FF664CD-6B8A-440A-9920-306490020021}.Wix|x86.Build.0 = Release|Any CPU
		{2A3A81F8-9B1F-45AA-A8D7-AA28FA9522EC}.Debug|Any CPU.ActiveCfg = Debug|Any CPU
		{2A3A81F8-9B1F-45AA-A8D7-AA28FA9522EC}.Debug|Any CPU.Build.0 = Debug|Any CPU
		{2A3A81F8-9B1F-45AA-A8D7-AA28FA9522EC}.Debug|ARM.ActiveCfg = Debug|Any CPU
		{2A3A81F8-9B1F-45AA-A8D7-AA28FA9522EC}.Debug|ARM.Build.0 = Debug|Any CPU
		{2A3A81F8-9B1F-45AA-A8D7-AA28FA9522EC}.Debug|Mixed Platforms.ActiveCfg = Debug|Any CPU
		{2A3A81F8-9B1F-45AA-A8D7-AA28FA9522EC}.Debug|Mixed Platforms.Build.0 = Debug|Any CPU
		{2A3A81F8-9B1F-45AA-A8D7-AA28FA9522EC}.Debug|x64.ActiveCfg = Debug|Any CPU
		{2A3A81F8-9B1F-45AA-A8D7-AA28FA9522EC}.Debug|x64.Build.0 = Debug|Any CPU
		{2A3A81F8-9B1F-45AA-A8D7-AA28FA9522EC}.Debug|x86.ActiveCfg = Debug|Any CPU
		{2A3A81F8-9B1F-45AA-A8D7-AA28FA9522EC}.Debug|x86.Build.0 = Debug|Any CPU
		{2A3A81F8-9B1F-45AA-A8D7-AA28FA9522EC}.Release|Any CPU.ActiveCfg = Release|Any CPU
		{2A3A81F8-9B1F-45AA-A8D7-AA28FA9522EC}.Release|Any CPU.Build.0 = Release|Any CPU
		{2A3A81F8-9B1F-45AA-A8D7-AA28FA9522EC}.Release|ARM.ActiveCfg = Release|Any CPU
		{2A3A81F8-9B1F-45AA-A8D7-AA28FA9522EC}.Release|ARM.Build.0 = Release|Any CPU
		{2A3A81F8-9B1F-45AA-A8D7-AA28FA9522EC}.Release|Mixed Platforms.ActiveCfg = Release|Any CPU
		{2A3A81F8-9B1F-45AA-A8D7-AA28FA9522EC}.Release|x64.ActiveCfg = Release|Any CPU
		{2A3A81F8-9B1F-45AA-A8D7-AA28FA9522EC}.Release|x64.Build.0 = Release|Any CPU
		{2A3A81F8-9B1F-45AA-A8D7-AA28FA9522EC}.Release|x86.ActiveCfg = Release|Any CPU
		{2A3A81F8-9B1F-45AA-A8D7-AA28FA9522EC}.Release|x86.Build.0 = Release|Any CPU
		{2A3A81F8-9B1F-45AA-A8D7-AA28FA9522EC}.Special|Any CPU.ActiveCfg = Release|Any CPU
		{2A3A81F8-9B1F-45AA-A8D7-AA28FA9522EC}.Special|Any CPU.Build.0 = Release|Any CPU
		{2A3A81F8-9B1F-45AA-A8D7-AA28FA9522EC}.Special|ARM.ActiveCfg = Release|Any CPU
		{2A3A81F8-9B1F-45AA-A8D7-AA28FA9522EC}.Special|ARM.Build.0 = Release|Any CPU
		{2A3A81F8-9B1F-45AA-A8D7-AA28FA9522EC}.Special|Mixed Platforms.ActiveCfg = Release|Any CPU
		{2A3A81F8-9B1F-45AA-A8D7-AA28FA9522EC}.Special|Mixed Platforms.Build.0 = Release|Any CPU
		{2A3A81F8-9B1F-45AA-A8D7-AA28FA9522EC}.Special|x64.ActiveCfg = Release|Any CPU
		{2A3A81F8-9B1F-45AA-A8D7-AA28FA9522EC}.Special|x64.Build.0 = Release|Any CPU
		{2A3A81F8-9B1F-45AA-A8D7-AA28FA9522EC}.Special|x86.ActiveCfg = Release|Any CPU
		{2A3A81F8-9B1F-45AA-A8D7-AA28FA9522EC}.Special|x86.Build.0 = Release|Any CPU
		{2A3A81F8-9B1F-45AA-A8D7-AA28FA9522EC}.Wix|Any CPU.ActiveCfg = Release|Any CPU
		{2A3A81F8-9B1F-45AA-A8D7-AA28FA9522EC}.Wix|Any CPU.Build.0 = Release|Any CPU
		{2A3A81F8-9B1F-45AA-A8D7-AA28FA9522EC}.Wix|ARM.ActiveCfg = Release|Any CPU
		{2A3A81F8-9B1F-45AA-A8D7-AA28FA9522EC}.Wix|ARM.Build.0 = Release|Any CPU
		{2A3A81F8-9B1F-45AA-A8D7-AA28FA9522EC}.Wix|Mixed Platforms.ActiveCfg = Release|Any CPU
		{2A3A81F8-9B1F-45AA-A8D7-AA28FA9522EC}.Wix|Mixed Platforms.Build.0 = Release|Any CPU
		{2A3A81F8-9B1F-45AA-A8D7-AA28FA9522EC}.Wix|x64.ActiveCfg = Release|Any CPU
		{2A3A81F8-9B1F-45AA-A8D7-AA28FA9522EC}.Wix|x64.Build.0 = Release|Any CPU
		{2A3A81F8-9B1F-45AA-A8D7-AA28FA9522EC}.Wix|x86.ActiveCfg = Release|Any CPU
		{2A3A81F8-9B1F-45AA-A8D7-AA28FA9522EC}.Wix|x86.Build.0 = Release|Any CPU
		{3F32804A-6C3A-49AA-82A9-9AF527683209}.Debug|Any CPU.ActiveCfg = Debug|x86
		{3F32804A-6C3A-49AA-82A9-9AF527683209}.Debug|ARM.ActiveCfg = Debug|x86
		{3F32804A-6C3A-49AA-82A9-9AF527683209}.Debug|Mixed Platforms.ActiveCfg = Debug|x86
		{3F32804A-6C3A-49AA-82A9-9AF527683209}.Debug|Mixed Platforms.Build.0 = Debug|x86
		{3F32804A-6C3A-49AA-82A9-9AF527683209}.Debug|x64.ActiveCfg = Debug|x86
		{3F32804A-6C3A-49AA-82A9-9AF527683209}.Debug|x86.ActiveCfg = Debug|x86
		{3F32804A-6C3A-49AA-82A9-9AF527683209}.Debug|x86.Build.0 = Debug|x86
		{3F32804A-6C3A-49AA-82A9-9AF527683209}.Release|Any CPU.ActiveCfg = Release|x86
		{3F32804A-6C3A-49AA-82A9-9AF527683209}.Release|ARM.ActiveCfg = Release|x86
		{3F32804A-6C3A-49AA-82A9-9AF527683209}.Release|Mixed Platforms.ActiveCfg = Release|x86
		{3F32804A-6C3A-49AA-82A9-9AF527683209}.Release|x64.ActiveCfg = Release|x86
		{3F32804A-6C3A-49AA-82A9-9AF527683209}.Release|x86.ActiveCfg = Release|x86
		{3F32804A-6C3A-49AA-82A9-9AF527683209}.Release|x86.Build.0 = Release|x86
		{3F32804A-6C3A-49AA-82A9-9AF527683209}.Special|Any CPU.ActiveCfg = Release|x86
		{3F32804A-6C3A-49AA-82A9-9AF527683209}.Special|Any CPU.Build.0 = Release|x86
		{3F32804A-6C3A-49AA-82A9-9AF527683209}.Special|ARM.ActiveCfg = Release|x86
		{3F32804A-6C3A-49AA-82A9-9AF527683209}.Special|ARM.Build.0 = Release|x86
		{3F32804A-6C3A-49AA-82A9-9AF527683209}.Special|Mixed Platforms.ActiveCfg = Release|x86
		{3F32804A-6C3A-49AA-82A9-9AF527683209}.Special|Mixed Platforms.Build.0 = Release|x86
		{3F32804A-6C3A-49AA-82A9-9AF527683209}.Special|x64.ActiveCfg = Release|x86
		{3F32804A-6C3A-49AA-82A9-9AF527683209}.Special|x64.Build.0 = Release|x86
		{3F32804A-6C3A-49AA-82A9-9AF527683209}.Special|x86.ActiveCfg = Release|x86
		{3F32804A-6C3A-49AA-82A9-9AF527683209}.Special|x86.Build.0 = Release|x86
		{3F32804A-6C3A-49AA-82A9-9AF527683209}.Wix|Any CPU.ActiveCfg = Release|x86
		{3F32804A-6C3A-49AA-82A9-9AF527683209}.Wix|Any CPU.Build.0 = Release|x86
		{3F32804A-6C3A-49AA-82A9-9AF527683209}.Wix|ARM.ActiveCfg = Release|x86
		{3F32804A-6C3A-49AA-82A9-9AF527683209}.Wix|ARM.Build.0 = Release|x86
		{3F32804A-6C3A-49AA-82A9-9AF527683209}.Wix|Mixed Platforms.ActiveCfg = Release|x86
		{3F32804A-6C3A-49AA-82A9-9AF527683209}.Wix|Mixed Platforms.Build.0 = Release|x86
		{3F32804A-6C3A-49AA-82A9-9AF527683209}.Wix|x64.ActiveCfg = Release|x86
		{3F32804A-6C3A-49AA-82A9-9AF527683209}.Wix|x64.Build.0 = Release|x86
		{3F32804A-6C3A-49AA-82A9-9AF527683209}.Wix|x86.ActiveCfg = Release|x86
		{3F32804A-6C3A-49AA-82A9-9AF527683209}.Wix|x86.Build.0 = Release|x86
		{3C0E1CBF-D3B9-4282-AC97-4E0216CA6C97}.Debug|Any CPU.ActiveCfg = Debug|Any CPU
		{3C0E1CBF-D3B9-4282-AC97-4E0216CA6C97}.Debug|Any CPU.Build.0 = Debug|Any CPU
		{3C0E1CBF-D3B9-4282-AC97-4E0216CA6C97}.Debug|ARM.ActiveCfg = Debug|Any CPU
		{3C0E1CBF-D3B9-4282-AC97-4E0216CA6C97}.Debug|ARM.Build.0 = Debug|Any CPU
		{3C0E1CBF-D3B9-4282-AC97-4E0216CA6C97}.Debug|Mixed Platforms.ActiveCfg = Debug|Any CPU
		{3C0E1CBF-D3B9-4282-AC97-4E0216CA6C97}.Debug|Mixed Platforms.Build.0 = Debug|Any CPU
		{3C0E1CBF-D3B9-4282-AC97-4E0216CA6C97}.Debug|x64.ActiveCfg = Debug|Any CPU
		{3C0E1CBF-D3B9-4282-AC97-4E0216CA6C97}.Debug|x64.Build.0 = Debug|Any CPU
		{3C0E1CBF-D3B9-4282-AC97-4E0216CA6C97}.Debug|x86.ActiveCfg = Debug|Any CPU
		{3C0E1CBF-D3B9-4282-AC97-4E0216CA6C97}.Debug|x86.Build.0 = Debug|Any CPU
		{3C0E1CBF-D3B9-4282-AC97-4E0216CA6C97}.Release|Any CPU.ActiveCfg = Release|Any CPU
		{3C0E1CBF-D3B9-4282-AC97-4E0216CA6C97}.Release|Any CPU.Build.0 = Release|Any CPU
		{3C0E1CBF-D3B9-4282-AC97-4E0216CA6C97}.Release|ARM.ActiveCfg = Release|Any CPU
		{3C0E1CBF-D3B9-4282-AC97-4E0216CA6C97}.Release|ARM.Build.0 = Release|Any CPU
		{3C0E1CBF-D3B9-4282-AC97-4E0216CA6C97}.Release|Mixed Platforms.ActiveCfg = Release|Any CPU
		{3C0E1CBF-D3B9-4282-AC97-4E0216CA6C97}.Release|Mixed Platforms.Build.0 = Release|Any CPU
		{3C0E1CBF-D3B9-4282-AC97-4E0216CA6C97}.Release|x64.ActiveCfg = Release|Any CPU
		{3C0E1CBF-D3B9-4282-AC97-4E0216CA6C97}.Release|x64.Build.0 = Release|Any CPU
		{3C0E1CBF-D3B9-4282-AC97-4E0216CA6C97}.Release|x86.ActiveCfg = Release|Any CPU
		{3C0E1CBF-D3B9-4282-AC97-4E0216CA6C97}.Release|x86.Build.0 = Release|Any CPU
		{3C0E1CBF-D3B9-4282-AC97-4E0216CA6C97}.Special|Any CPU.ActiveCfg = Release|Any CPU
		{3C0E1CBF-D3B9-4282-AC97-4E0216CA6C97}.Special|Any CPU.Build.0 = Release|Any CPU
		{3C0E1CBF-D3B9-4282-AC97-4E0216CA6C97}.Special|ARM.ActiveCfg = Release|Any CPU
		{3C0E1CBF-D3B9-4282-AC97-4E0216CA6C97}.Special|ARM.Build.0 = Release|Any CPU
		{3C0E1CBF-D3B9-4282-AC97-4E0216CA6C97}.Special|Mixed Platforms.ActiveCfg = Release|Any CPU
		{3C0E1CBF-D3B9-4282-AC97-4E0216CA6C97}.Special|Mixed Platforms.Build.0 = Release|Any CPU
		{3C0E1CBF-D3B9-4282-AC97-4E0216CA6C97}.Special|x64.ActiveCfg = Release|Any CPU
		{3C0E1CBF-D3B9-4282-AC97-4E0216CA6C97}.Special|x64.Build.0 = Release|Any CPU
		{3C0E1CBF-D3B9-4282-AC97-4E0216CA6C97}.Special|x86.ActiveCfg = Release|Any CPU
		{3C0E1CBF-D3B9-4282-AC97-4E0216CA6C97}.Special|x86.Build.0 = Release|Any CPU
		{3C0E1CBF-D3B9-4282-AC97-4E0216CA6C97}.Wix|Any CPU.ActiveCfg = Release|Any CPU
		{3C0E1CBF-D3B9-4282-AC97-4E0216CA6C97}.Wix|Any CPU.Build.0 = Release|Any CPU
		{3C0E1CBF-D3B9-4282-AC97-4E0216CA6C97}.Wix|ARM.ActiveCfg = Release|Any CPU
		{3C0E1CBF-D3B9-4282-AC97-4E0216CA6C97}.Wix|ARM.Build.0 = Release|Any CPU
		{3C0E1CBF-D3B9-4282-AC97-4E0216CA6C97}.Wix|Mixed Platforms.ActiveCfg = Release|Any CPU
		{3C0E1CBF-D3B9-4282-AC97-4E0216CA6C97}.Wix|Mixed Platforms.Build.0 = Release|Any CPU
		{3C0E1CBF-D3B9-4282-AC97-4E0216CA6C97}.Wix|x64.ActiveCfg = Release|Any CPU
		{3C0E1CBF-D3B9-4282-AC97-4E0216CA6C97}.Wix|x64.Build.0 = Release|Any CPU
		{3C0E1CBF-D3B9-4282-AC97-4E0216CA6C97}.Wix|x86.ActiveCfg = Release|Any CPU
		{3C0E1CBF-D3B9-4282-AC97-4E0216CA6C97}.Wix|x86.Build.0 = Release|Any CPU
		{925781E6-8B75-471B-887F-616495BBBFDD}.Debug|Any CPU.ActiveCfg = Debug|Any CPU
		{925781E6-8B75-471B-887F-616495BBBFDD}.Debug|Any CPU.Build.0 = Debug|Any CPU
		{925781E6-8B75-471B-887F-616495BBBFDD}.Debug|ARM.ActiveCfg = Debug|Any CPU
		{925781E6-8B75-471B-887F-616495BBBFDD}.Debug|ARM.Build.0 = Debug|Any CPU
		{925781E6-8B75-471B-887F-616495BBBFDD}.Debug|Mixed Platforms.ActiveCfg = Debug|Any CPU
		{925781E6-8B75-471B-887F-616495BBBFDD}.Debug|Mixed Platforms.Build.0 = Debug|Any CPU
		{925781E6-8B75-471B-887F-616495BBBFDD}.Debug|x64.ActiveCfg = Debug|x64
		{925781E6-8B75-471B-887F-616495BBBFDD}.Debug|x64.Build.0 = Debug|x64
		{925781E6-8B75-471B-887F-616495BBBFDD}.Debug|x86.ActiveCfg = Debug|Any CPU
		{925781E6-8B75-471B-887F-616495BBBFDD}.Debug|x86.Build.0 = Debug|Any CPU
		{925781E6-8B75-471B-887F-616495BBBFDD}.Release|Any CPU.ActiveCfg = Release|Any CPU
		{925781E6-8B75-471B-887F-616495BBBFDD}.Release|Any CPU.Build.0 = Release|Any CPU
		{925781E6-8B75-471B-887F-616495BBBFDD}.Release|ARM.ActiveCfg = Release|Any CPU
		{925781E6-8B75-471B-887F-616495BBBFDD}.Release|ARM.Build.0 = Release|Any CPU
		{925781E6-8B75-471B-887F-616495BBBFDD}.Release|Mixed Platforms.ActiveCfg = Release|Any CPU
		{925781E6-8B75-471B-887F-616495BBBFDD}.Release|Mixed Platforms.Build.0 = Release|Any CPU
		{925781E6-8B75-471B-887F-616495BBBFDD}.Release|x64.ActiveCfg = Release|x64
		{925781E6-8B75-471B-887F-616495BBBFDD}.Release|x64.Build.0 = Release|x64
		{925781E6-8B75-471B-887F-616495BBBFDD}.Release|x86.ActiveCfg = Release|Any CPU
		{925781E6-8B75-471B-887F-616495BBBFDD}.Release|x86.Build.0 = Release|Any CPU
		{925781E6-8B75-471B-887F-616495BBBFDD}.Special|Any CPU.ActiveCfg = Special|Any CPU
		{925781E6-8B75-471B-887F-616495BBBFDD}.Special|Any CPU.Build.0 = Special|Any CPU
		{925781E6-8B75-471B-887F-616495BBBFDD}.Special|ARM.ActiveCfg = Special|Any CPU
		{925781E6-8B75-471B-887F-616495BBBFDD}.Special|ARM.Build.0 = Special|Any CPU
		{925781E6-8B75-471B-887F-616495BBBFDD}.Special|Mixed Platforms.ActiveCfg = Special|Any CPU
		{925781E6-8B75-471B-887F-616495BBBFDD}.Special|Mixed Platforms.Build.0 = Special|Any CPU
		{925781E6-8B75-471B-887F-616495BBBFDD}.Special|x64.ActiveCfg = Special|x64
		{925781E6-8B75-471B-887F-616495BBBFDD}.Special|x64.Build.0 = Special|x64
		{925781E6-8B75-471B-887F-616495BBBFDD}.Special|x86.ActiveCfg = Special|Any CPU
		{925781E6-8B75-471B-887F-616495BBBFDD}.Special|x86.Build.0 = Special|Any CPU
		{925781E6-8B75-471B-887F-616495BBBFDD}.Wix|Any CPU.ActiveCfg = Special|Any CPU
		{925781E6-8B75-471B-887F-616495BBBFDD}.Wix|Any CPU.Build.0 = Special|Any CPU
		{925781E6-8B75-471B-887F-616495BBBFDD}.Wix|ARM.ActiveCfg = Special|Any CPU
		{925781E6-8B75-471B-887F-616495BBBFDD}.Wix|ARM.Build.0 = Special|Any CPU
		{925781E6-8B75-471B-887F-616495BBBFDD}.Wix|Mixed Platforms.ActiveCfg = Special|Any CPU
		{925781E6-8B75-471B-887F-616495BBBFDD}.Wix|Mixed Platforms.Build.0 = Special|Any CPU
		{925781E6-8B75-471B-887F-616495BBBFDD}.Wix|x64.ActiveCfg = Special|x64
		{925781E6-8B75-471B-887F-616495BBBFDD}.Wix|x64.Build.0 = Special|x64
		{925781E6-8B75-471B-887F-616495BBBFDD}.Wix|x86.ActiveCfg = Special|Any CPU
		{925781E6-8B75-471B-887F-616495BBBFDD}.Wix|x86.Build.0 = Special|Any CPU
		{4BCAEDFC-DD41-4836-A9D1-3A980D2240EB}.Debug|Any CPU.ActiveCfg = Debug|Any CPU
		{4BCAEDFC-DD41-4836-A9D1-3A980D2240EB}.Debug|Any CPU.Build.0 = Debug|Any CPU
		{4BCAEDFC-DD41-4836-A9D1-3A980D2240EB}.Debug|ARM.ActiveCfg = Debug|Any CPU
		{4BCAEDFC-DD41-4836-A9D1-3A980D2240EB}.Debug|ARM.Build.0 = Debug|Any CPU
		{4BCAEDFC-DD41-4836-A9D1-3A980D2240EB}.Debug|Mixed Platforms.ActiveCfg = Debug|Any CPU
		{4BCAEDFC-DD41-4836-A9D1-3A980D2240EB}.Debug|Mixed Platforms.Build.0 = Debug|Any CPU
		{4BCAEDFC-DD41-4836-A9D1-3A980D2240EB}.Debug|x64.ActiveCfg = Debug|Any CPU
		{4BCAEDFC-DD41-4836-A9D1-3A980D2240EB}.Debug|x64.Build.0 = Debug|Any CPU
		{4BCAEDFC-DD41-4836-A9D1-3A980D2240EB}.Debug|x86.ActiveCfg = Debug|Any CPU
		{4BCAEDFC-DD41-4836-A9D1-3A980D2240EB}.Debug|x86.Build.0 = Debug|Any CPU
		{4BCAEDFC-DD41-4836-A9D1-3A980D2240EB}.Release|Any CPU.ActiveCfg = Release|Any CPU
		{4BCAEDFC-DD41-4836-A9D1-3A980D2240EB}.Release|Any CPU.Build.0 = Release|Any CPU
		{4BCAEDFC-DD41-4836-A9D1-3A980D2240EB}.Release|ARM.ActiveCfg = Release|Any CPU
		{4BCAEDFC-DD41-4836-A9D1-3A980D2240EB}.Release|ARM.Build.0 = Release|Any CPU
		{4BCAEDFC-DD41-4836-A9D1-3A980D2240EB}.Release|Mixed Platforms.ActiveCfg = Release|Any CPU
		{4BCAEDFC-DD41-4836-A9D1-3A980D2240EB}.Release|Mixed Platforms.Build.0 = Release|Any CPU
		{4BCAEDFC-DD41-4836-A9D1-3A980D2240EB}.Release|x64.ActiveCfg = Release|Any CPU
		{4BCAEDFC-DD41-4836-A9D1-3A980D2240EB}.Release|x64.Build.0 = Release|Any CPU
		{4BCAEDFC-DD41-4836-A9D1-3A980D2240EB}.Release|x86.ActiveCfg = Release|Any CPU
		{4BCAEDFC-DD41-4836-A9D1-3A980D2240EB}.Release|x86.Build.0 = Release|Any CPU
		{4BCAEDFC-DD41-4836-A9D1-3A980D2240EB}.Special|Any CPU.ActiveCfg = Release|Any CPU
		{4BCAEDFC-DD41-4836-A9D1-3A980D2240EB}.Special|Any CPU.Build.0 = Release|Any CPU
		{4BCAEDFC-DD41-4836-A9D1-3A980D2240EB}.Special|ARM.ActiveCfg = Release|Any CPU
		{4BCAEDFC-DD41-4836-A9D1-3A980D2240EB}.Special|ARM.Build.0 = Release|Any CPU
		{4BCAEDFC-DD41-4836-A9D1-3A980D2240EB}.Special|Mixed Platforms.ActiveCfg = Release|Any CPU
		{4BCAEDFC-DD41-4836-A9D1-3A980D2240EB}.Special|Mixed Platforms.Build.0 = Release|Any CPU
		{4BCAEDFC-DD41-4836-A9D1-3A980D2240EB}.Special|x64.ActiveCfg = Release|Any CPU
		{4BCAEDFC-DD41-4836-A9D1-3A980D2240EB}.Special|x64.Build.0 = Release|Any CPU
		{4BCAEDFC-DD41-4836-A9D1-3A980D2240EB}.Special|x86.ActiveCfg = Release|Any CPU
		{4BCAEDFC-DD41-4836-A9D1-3A980D2240EB}.Special|x86.Build.0 = Release|Any CPU
		{4BCAEDFC-DD41-4836-A9D1-3A980D2240EB}.Wix|Any CPU.ActiveCfg = Release|Any CPU
		{4BCAEDFC-DD41-4836-A9D1-3A980D2240EB}.Wix|Any CPU.Build.0 = Release|Any CPU
		{4BCAEDFC-DD41-4836-A9D1-3A980D2240EB}.Wix|ARM.ActiveCfg = Release|Any CPU
		{4BCAEDFC-DD41-4836-A9D1-3A980D2240EB}.Wix|ARM.Build.0 = Release|Any CPU
		{4BCAEDFC-DD41-4836-A9D1-3A980D2240EB}.Wix|Mixed Platforms.ActiveCfg = Release|Any CPU
		{4BCAEDFC-DD41-4836-A9D1-3A980D2240EB}.Wix|Mixed Platforms.Build.0 = Release|Any CPU
		{4BCAEDFC-DD41-4836-A9D1-3A980D2240EB}.Wix|x64.ActiveCfg = Release|Any CPU
		{4BCAEDFC-DD41-4836-A9D1-3A980D2240EB}.Wix|x64.Build.0 = Release|Any CPU
		{4BCAEDFC-DD41-4836-A9D1-3A980D2240EB}.Wix|x86.ActiveCfg = Release|Any CPU
		{4BCAEDFC-DD41-4836-A9D1-3A980D2240EB}.Wix|x86.Build.0 = Release|Any CPU
	EndGlobalSection
	GlobalSection(SolutionProperties) = preSolution
		HideSolutionNode = FALSE
	EndGlobalSection
	GlobalSection(NestedProjects) = preSolution
		{5FF664CD-6B8A-440A-9920-306490020021} = {A1481247-5CC9-4582-B48B-A2DFEFEE3609}
		{2A3A81F8-9B1F-45AA-A8D7-AA28FA9522EC} = {A1481247-5CC9-4582-B48B-A2DFEFEE3609}
		{3F32804A-6C3A-49AA-82A9-9AF527683209} = {A1481247-5CC9-4582-B48B-A2DFEFEE3609}
		{4BCAEDFC-DD41-4836-A9D1-3A980D2240EB} = {A1481247-5CC9-4582-B48B-A2DFEFEE3609}
	EndGlobalSection
	GlobalSection(ExtensibilityGlobals) = postSolution
		SolutionGuid = {786D9298-BA0C-4B42-8155-CAD647BCD99D}
	EndGlobalSection
	GlobalSection(Performance) = preSolution
		HasPerformanceSessions = true
	EndGlobalSection
EndGlobal
