
Microsoft Visual Studio Solution File, Format Version 12.00
# Visual Studio 2012
Project("{2150E333-8FDC-42A3-9474-1A3956D46DE8}") = "bin", "bin", "{6EFFEF54-7DBB-4091-8FDF-86BD8E4CA06E}"
	ProjectSection(SolutionItems) = preProject
		bin\Mono.TextTemplating.dll = bin\Mono.TextTemplating.dll
		bin\sed.exe = bin\sed.exe
		Solution.build = Solution.build
		bin\TextTransform.exe.config = bin\TextTransform.exe.config
		bin\vbVer.bat = bin\vbVer.bat
	EndProjectSection
EndProject
Project("{2150E333-8FDC-42A3-9474-1A3956D46DE8}") = "Plugins", "Plugins", "{8A3B154C-D99D-42AD-BC2E-7E943AF412FF}"
EndProject
Project("{F184B08F-C81C-45F6-A57F-5ABD9991F28F}") = "AngelCat Net4.0", "Plugins\AngelCat\AngelCat Net4.0.vbproj", "{BF18C360-B7C6-4E49-AC49-06AEC6A07410}"
EndProject
Project("{F184B08F-C81C-45F6-A57F-5ABD9991F28F}") = "SoundWave Net4.0", "Plugins\SoundWave\SoundWave Net4.0.vbproj", "{7DA406D6-2321-45A2-83B7-8491A17D0113}"
EndProject
Project("{F184B08F-C81C-45F6-A57F-5ABD9991F28F}") = "TheClaaaw  Net4.0", "TheClaaaw\TheClaaaw  Net4.0.vbproj", "{F7221C50-ED60-4CFF-8374-47CC9E53429B}"
EndProject
Project("{F184B08F-C81C-45F6-A57F-5ABD9991F28F}") = "BaseModule Net4.0", "BaseModule\BaseModule Net4.0.vbproj", "{05AA81B3-D2A5-4A29-87AE-0A7AFC5390B8}"
EndProject
Project("{F184B08F-C81C-45F6-A57F-5ABD9991F28F}") = "ChatBot  Net4.0", "ChatBot\ChatBot  Net4.0.vbproj", "{97CAA3B6-E99A-41AB-88DF-71CBF8339B89}"
EndProject
Project("{FAE04EC0-301F-11D3-BF4B-00C04F79EFBC}") = "Data Monkey Net4.0", "Data Monkey\Data Monkey Net4.0.csproj", "{9072CD13-8B7E-4A22-BC28-6087785A5D9A}"
EndProject
Project("{F184B08F-C81C-45F6-A57F-5ABD9991F28F}") = "MonkeySpeakEditor  Net4.0", "DSeX\MonkeySpeakEditor  Net4.0.vbproj", "{65E4CC10-B91D-4645-B20C-D3A381C9A36A}"
EndProject
Project("{2150E333-8FDC-42A3-9474-1A3956D46DE8}") = "Solution Items", "Solution Items", "{232EBAD8-877D-4741-AE20-9533EC9F8EB8}"
EndProject
Project("{FAE04EC0-301F-11D3-BF4B-00C04F79EFBC}") = "FurcadiaLib Net4.0", "FurcLib\FurcadiaLib Net4.0.csproj", "{156C2AF0-3DA8-4D8C-A525-5400185579B3}"
EndProject
Project("{F184B08F-C81C-45F6-A57F-5ABD9991F28F}") = "ModuleExplorer  Net4.0", "Host\ModuleExplorer  Net4.0.vbproj", "{DDB48421-ADD5-499B-AE19-62184A2F2051}"
EndProject
Project("{F184B08F-C81C-45F6-A57F-5ABD9991F28F}") = "Interfaces  Net4.0", "Interfaces\Interfaces  Net4.0.vbproj", "{B0882700-5EAF-4712-ADE5-69DAFE473A01}"
EndProject
Project("{FAE04EC0-301F-11D3-BF4B-00C04F79EFBC}") = "MonkeyspeakR6  Net4.0", "MonkeySpeakR6\MonkeyspeakR6  Net4.0.csproj", "{925781E6-8B75-471B-887F-616495BBBFDD}"
EndProject
Project("{F184B08F-C81C-45F6-A57F-5ABD9991F28F}") = "SilverMonkey2  Net4.0", "SilverMonkey\SilverMonkey2  Net4.0.vbproj", "{CD544712-0665-44DB-BB70-5B9D4395B050}"
	ProjectSection(ProjectDependencies) = postProject
		{9072CD13-8B7E-4A22-BC28-6087785A5D9A} = {9072CD13-8B7E-4A22-BC28-6087785A5D9A}
	EndProjectSection
EndProject
Project("{F184B08F-C81C-45F6-A57F-5ABD9991F28F}") = "Verbot Knowledgebase Editor  Net4.0", "Verbot Knowledgebase Editor\Verbot Knowledgebase Editor  Net4.0.vbproj", "{B008B931-21E4-40B6-92F0-DD1BEBC569F3}"
EndProject
Project("{FAE04EC0-301F-11D3-BF4B-00C04F79EFBC}") = "Verbot5Library  Net4.0", "Verbot5Library\Verbot5Library  Net4.0.csproj", "{4D25B13B-4D67-433F-9181-BF5FDFA931B6}"
EndProject
Project("{F184B08F-C81C-45F6-A57F-5ABD9991F28F}") = "MonkeyCore Net40", "MonkeyCore\MonkeyCore Net40.vbproj", "{9CAC7E97-DE68-46D1-8155-0AFDE045E34A}"
EndProject
Global
	GlobalSection(SolutionConfigurationPlatforms) = preSolution
		Debug|Any CPU = Debug|Any CPU
		Debug|Mixed Platforms = Debug|Mixed Platforms
		Debug|x64 = Debug|x64
		Debug|x86 = Debug|x86
		Release|Any CPU = Release|Any CPU
		Release|Mixed Platforms = Release|Mixed Platforms
		Release|x64 = Release|x64
		Release|x86 = Release|x86
		Special|Any CPU = Special|Any CPU
		Special|Mixed Platforms = Special|Mixed Platforms
		Special|x64 = Special|x64
		Special|x86 = Special|x86
		Wix|Any CPU = Wix|Any CPU
		Wix|Mixed Platforms = Wix|Mixed Platforms
		Wix|x64 = Wix|x64
		Wix|x86 = Wix|x86
	EndGlobalSection
	GlobalSection(ProjectConfigurationPlatforms) = postSolution
		{BF18C360-B7C6-4E49-AC49-06AEC6A07410}.Debug|Any CPU.ActiveCfg = Debug|Any CPU
		{BF18C360-B7C6-4E49-AC49-06AEC6A07410}.Debug|Any CPU.Build.0 = Debug|Any CPU
		{BF18C360-B7C6-4E49-AC49-06AEC6A07410}.Debug|Mixed Platforms.ActiveCfg = Debug|x86
		{BF18C360-B7C6-4E49-AC49-06AEC6A07410}.Debug|Mixed Platforms.Build.0 = Debug|x86
		{BF18C360-B7C6-4E49-AC49-06AEC6A07410}.Debug|x64.ActiveCfg = Debug|Any CPU
		{BF18C360-B7C6-4E49-AC49-06AEC6A07410}.Debug|x86.ActiveCfg = Debug|x86
		{BF18C360-B7C6-4E49-AC49-06AEC6A07410}.Debug|x86.Build.0 = Debug|x86
		{BF18C360-B7C6-4E49-AC49-06AEC6A07410}.Release|Any CPU.ActiveCfg = Release|Any CPU
		{BF18C360-B7C6-4E49-AC49-06AEC6A07410}.Release|Any CPU.Build.0 = Release|Any CPU
		{BF18C360-B7C6-4E49-AC49-06AEC6A07410}.Release|Mixed Platforms.ActiveCfg = Release|x86
		{BF18C360-B7C6-4E49-AC49-06AEC6A07410}.Release|Mixed Platforms.Build.0 = Release|x86
		{BF18C360-B7C6-4E49-AC49-06AEC6A07410}.Release|x64.ActiveCfg = Release|Any CPU
		{BF18C360-B7C6-4E49-AC49-06AEC6A07410}.Release|x86.ActiveCfg = Release|x86
		{BF18C360-B7C6-4E49-AC49-06AEC6A07410}.Release|x86.Build.0 = Release|x86
		{BF18C360-B7C6-4E49-AC49-06AEC6A07410}.Special|Any CPU.ActiveCfg = Wix|Any CPU
		{BF18C360-B7C6-4E49-AC49-06AEC6A07410}.Special|Any CPU.Build.0 = Wix|Any CPU
		{BF18C360-B7C6-4E49-AC49-06AEC6A07410}.Special|Mixed Platforms.ActiveCfg = Wix|x86
		{BF18C360-B7C6-4E49-AC49-06AEC6A07410}.Special|Mixed Platforms.Build.0 = Wix|x86
		{BF18C360-B7C6-4E49-AC49-06AEC6A07410}.Special|x64.ActiveCfg = Wix|Any CPU
		{BF18C360-B7C6-4E49-AC49-06AEC6A07410}.Special|x86.ActiveCfg = Wix|x86
		{BF18C360-B7C6-4E49-AC49-06AEC6A07410}.Special|x86.Build.0 = Wix|x86
		{BF18C360-B7C6-4E49-AC49-06AEC6A07410}.Wix|Any CPU.ActiveCfg = Wix|Any CPU
		{BF18C360-B7C6-4E49-AC49-06AEC6A07410}.Wix|Any CPU.Build.0 = Wix|Any CPU
		{BF18C360-B7C6-4E49-AC49-06AEC6A07410}.Wix|Mixed Platforms.ActiveCfg = Wix|x86
		{BF18C360-B7C6-4E49-AC49-06AEC6A07410}.Wix|Mixed Platforms.Build.0 = Wix|x86
		{BF18C360-B7C6-4E49-AC49-06AEC6A07410}.Wix|x64.ActiveCfg = Wix|Any CPU
		{BF18C360-B7C6-4E49-AC49-06AEC6A07410}.Wix|x86.ActiveCfg = Wix|x86
		{BF18C360-B7C6-4E49-AC49-06AEC6A07410}.Wix|x86.Build.0 = Wix|x86
		{7DA406D6-2321-45A2-83B7-8491A17D0113}.Debug|Any CPU.ActiveCfg = Debug|Any CPU
		{7DA406D6-2321-45A2-83B7-8491A17D0113}.Debug|Any CPU.Build.0 = Debug|Any CPU
		{7DA406D6-2321-45A2-83B7-8491A17D0113}.Debug|Mixed Platforms.ActiveCfg = Debug|Any CPU
		{7DA406D6-2321-45A2-83B7-8491A17D0113}.Debug|Mixed Platforms.Build.0 = Debug|Any CPU
		{7DA406D6-2321-45A2-83B7-8491A17D0113}.Debug|x64.ActiveCfg = Debug|Any CPU
		{7DA406D6-2321-45A2-83B7-8491A17D0113}.Debug|x86.ActiveCfg = Debug|Any CPU
		{7DA406D6-2321-45A2-83B7-8491A17D0113}.Release|Any CPU.ActiveCfg = Release|Any CPU
		{7DA406D6-2321-45A2-83B7-8491A17D0113}.Release|Any CPU.Build.0 = Release|Any CPU
		{7DA406D6-2321-45A2-83B7-8491A17D0113}.Release|Mixed Platforms.ActiveCfg = Release|Any CPU
		{7DA406D6-2321-45A2-83B7-8491A17D0113}.Release|Mixed Platforms.Build.0 = Release|Any CPU
		{7DA406D6-2321-45A2-83B7-8491A17D0113}.Release|x64.ActiveCfg = Release|Any CPU
		{7DA406D6-2321-45A2-83B7-8491A17D0113}.Release|x86.ActiveCfg = Release|Any CPU
		{7DA406D6-2321-45A2-83B7-8491A17D0113}.Special|Any CPU.ActiveCfg = Wix|Any CPU
		{7DA406D6-2321-45A2-83B7-8491A17D0113}.Special|Any CPU.Build.0 = Wix|Any CPU
		{7DA406D6-2321-45A2-83B7-8491A17D0113}.Special|Mixed Platforms.ActiveCfg = Wix|Any CPU
		{7DA406D6-2321-45A2-83B7-8491A17D0113}.Special|Mixed Platforms.Build.0 = Wix|Any CPU
		{7DA406D6-2321-45A2-83B7-8491A17D0113}.Special|x64.ActiveCfg = Wix|Any CPU
		{7DA406D6-2321-45A2-83B7-8491A17D0113}.Special|x86.ActiveCfg = Wix|Any CPU
		{7DA406D6-2321-45A2-83B7-8491A17D0113}.Wix|Any CPU.ActiveCfg = Wix|Any CPU
		{7DA406D6-2321-45A2-83B7-8491A17D0113}.Wix|Any CPU.Build.0 = Wix|Any CPU
		{7DA406D6-2321-45A2-83B7-8491A17D0113}.Wix|Mixed Platforms.ActiveCfg = Wix|Any CPU
		{7DA406D6-2321-45A2-83B7-8491A17D0113}.Wix|Mixed Platforms.Build.0 = Wix|Any CPU
		{7DA406D6-2321-45A2-83B7-8491A17D0113}.Wix|x64.ActiveCfg = Wix|Any CPU
		{7DA406D6-2321-45A2-83B7-8491A17D0113}.Wix|x86.ActiveCfg = Wix|Any CPU
		{F7221C50-ED60-4CFF-8374-47CC9E53429B}.Debug|Any CPU.ActiveCfg = Debug|Any CPU
		{F7221C50-ED60-4CFF-8374-47CC9E53429B}.Debug|Any CPU.Build.0 = Debug|Any CPU
		{F7221C50-ED60-4CFF-8374-47CC9E53429B}.Debug|Mixed Platforms.ActiveCfg = Debug|Any CPU
		{F7221C50-ED60-4CFF-8374-47CC9E53429B}.Debug|Mixed Platforms.Build.0 = Debug|Any CPU
		{F7221C50-ED60-4CFF-8374-47CC9E53429B}.Debug|x64.ActiveCfg = Debug|Any CPU
		{F7221C50-ED60-4CFF-8374-47CC9E53429B}.Debug|x86.ActiveCfg = Debug|Any CPU
		{F7221C50-ED60-4CFF-8374-47CC9E53429B}.Release|Any CPU.ActiveCfg = Release|Any CPU
		{F7221C50-ED60-4CFF-8374-47CC9E53429B}.Release|Any CPU.Build.0 = Release|Any CPU
		{F7221C50-ED60-4CFF-8374-47CC9E53429B}.Release|Mixed Platforms.ActiveCfg = Release|Any CPU
		{F7221C50-ED60-4CFF-8374-47CC9E53429B}.Release|Mixed Platforms.Build.0 = Release|Any CPU
		{F7221C50-ED60-4CFF-8374-47CC9E53429B}.Release|x64.ActiveCfg = Release|Any CPU
		{F7221C50-ED60-4CFF-8374-47CC9E53429B}.Release|x86.ActiveCfg = Release|Any CPU
		{F7221C50-ED60-4CFF-8374-47CC9E53429B}.Special|Any CPU.ActiveCfg = Wix|Any CPU
		{F7221C50-ED60-4CFF-8374-47CC9E53429B}.Special|Any CPU.Build.0 = Wix|Any CPU
		{F7221C50-ED60-4CFF-8374-47CC9E53429B}.Special|Mixed Platforms.ActiveCfg = Wix|Any CPU
		{F7221C50-ED60-4CFF-8374-47CC9E53429B}.Special|Mixed Platforms.Build.0 = Wix|Any CPU
		{F7221C50-ED60-4CFF-8374-47CC9E53429B}.Special|x64.ActiveCfg = Wix|Any CPU
		{F7221C50-ED60-4CFF-8374-47CC9E53429B}.Special|x86.ActiveCfg = Wix|Any CPU
		{F7221C50-ED60-4CFF-8374-47CC9E53429B}.Wix|Any CPU.ActiveCfg = Wix|Any CPU
		{F7221C50-ED60-4CFF-8374-47CC9E53429B}.Wix|Any CPU.Build.0 = Wix|Any CPU
		{F7221C50-ED60-4CFF-8374-47CC9E53429B}.Wix|Mixed Platforms.ActiveCfg = Wix|Any CPU
		{F7221C50-ED60-4CFF-8374-47CC9E53429B}.Wix|Mixed Platforms.Build.0 = Wix|Any CPU
		{F7221C50-ED60-4CFF-8374-47CC9E53429B}.Wix|x64.ActiveCfg = Wix|Any CPU
		{F7221C50-ED60-4CFF-8374-47CC9E53429B}.Wix|x86.ActiveCfg = Wix|Any CPU
		{05AA81B3-D2A5-4A29-87AE-0A7AFC5390B8}.Debug|Any CPU.ActiveCfg = Debug|Any CPU
		{05AA81B3-D2A5-4A29-87AE-0A7AFC5390B8}.Debug|Any CPU.Build.0 = Debug|Any CPU
		{05AA81B3-D2A5-4A29-87AE-0A7AFC5390B8}.Debug|Mixed Platforms.ActiveCfg = Debug|Any CPU
		{05AA81B3-D2A5-4A29-87AE-0A7AFC5390B8}.Debug|Mixed Platforms.Build.0 = Debug|Any CPU
		{05AA81B3-D2A5-4A29-87AE-0A7AFC5390B8}.Debug|x64.ActiveCfg = Debug|Any CPU
		{05AA81B3-D2A5-4A29-87AE-0A7AFC5390B8}.Debug|x86.ActiveCfg = Debug|Any CPU
		{05AA81B3-D2A5-4A29-87AE-0A7AFC5390B8}.Release|Any CPU.ActiveCfg = Release|Any CPU
		{05AA81B3-D2A5-4A29-87AE-0A7AFC5390B8}.Release|Any CPU.Build.0 = Release|Any CPU
		{05AA81B3-D2A5-4A29-87AE-0A7AFC5390B8}.Release|Mixed Platforms.ActiveCfg = Release|Any CPU
		{05AA81B3-D2A5-4A29-87AE-0A7AFC5390B8}.Release|Mixed Platforms.Build.0 = Release|Any CPU
		{05AA81B3-D2A5-4A29-87AE-0A7AFC5390B8}.Release|x64.ActiveCfg = Release|Any CPU
		{05AA81B3-D2A5-4A29-87AE-0A7AFC5390B8}.Release|x86.ActiveCfg = Release|Any CPU
		{05AA81B3-D2A5-4A29-87AE-0A7AFC5390B8}.Special|Any CPU.ActiveCfg = Wix|Any CPU
		{05AA81B3-D2A5-4A29-87AE-0A7AFC5390B8}.Special|Any CPU.Build.0 = Wix|Any CPU
		{05AA81B3-D2A5-4A29-87AE-0A7AFC5390B8}.Special|Mixed Platforms.ActiveCfg = Wix|Any CPU
		{05AA81B3-D2A5-4A29-87AE-0A7AFC5390B8}.Special|Mixed Platforms.Build.0 = Wix|Any CPU
		{05AA81B3-D2A5-4A29-87AE-0A7AFC5390B8}.Special|x64.ActiveCfg = Wix|Any CPU
		{05AA81B3-D2A5-4A29-87AE-0A7AFC5390B8}.Special|x86.ActiveCfg = Wix|Any CPU
		{05AA81B3-D2A5-4A29-87AE-0A7AFC5390B8}.Wix|Any CPU.ActiveCfg = Wix|Any CPU
		{05AA81B3-D2A5-4A29-87AE-0A7AFC5390B8}.Wix|Any CPU.Build.0 = Wix|Any CPU
		{05AA81B3-D2A5-4A29-87AE-0A7AFC5390B8}.Wix|Mixed Platforms.ActiveCfg = Wix|Any CPU
		{05AA81B3-D2A5-4A29-87AE-0A7AFC5390B8}.Wix|Mixed Platforms.Build.0 = Wix|Any CPU
		{05AA81B3-D2A5-4A29-87AE-0A7AFC5390B8}.Wix|x64.ActiveCfg = Wix|Any CPU
		{05AA81B3-D2A5-4A29-87AE-0A7AFC5390B8}.Wix|x86.ActiveCfg = Wix|Any CPU
		{97CAA3B6-E99A-41AB-88DF-71CBF8339B89}.Debug|Any CPU.ActiveCfg = Debug|Any CPU
		{97CAA3B6-E99A-41AB-88DF-71CBF8339B89}.Debug|Any CPU.Build.0 = Debug|Any CPU
		{97CAA3B6-E99A-41AB-88DF-71CBF8339B89}.Debug|Mixed Platforms.ActiveCfg = Debug|x86
		{97CAA3B6-E99A-41AB-88DF-71CBF8339B89}.Debug|Mixed Platforms.Build.0 = Debug|x86
		{97CAA3B6-E99A-41AB-88DF-71CBF8339B89}.Debug|x64.ActiveCfg = Debug|Any CPU
		{97CAA3B6-E99A-41AB-88DF-71CBF8339B89}.Debug|x86.ActiveCfg = Debug|x86
		{97CAA3B6-E99A-41AB-88DF-71CBF8339B89}.Debug|x86.Build.0 = Debug|x86
		{97CAA3B6-E99A-41AB-88DF-71CBF8339B89}.Release|Any CPU.ActiveCfg = Release|Any CPU
		{97CAA3B6-E99A-41AB-88DF-71CBF8339B89}.Release|Any CPU.Build.0 = Release|Any CPU
		{97CAA3B6-E99A-41AB-88DF-71CBF8339B89}.Release|Mixed Platforms.ActiveCfg = Release|x86
		{97CAA3B6-E99A-41AB-88DF-71CBF8339B89}.Release|Mixed Platforms.Build.0 = Release|x86
		{97CAA3B6-E99A-41AB-88DF-71CBF8339B89}.Release|x64.ActiveCfg = Release|Any CPU
		{97CAA3B6-E99A-41AB-88DF-71CBF8339B89}.Release|x86.ActiveCfg = Release|x86
		{97CAA3B6-E99A-41AB-88DF-71CBF8339B89}.Release|x86.Build.0 = Release|x86
		{97CAA3B6-E99A-41AB-88DF-71CBF8339B89}.Special|Any CPU.ActiveCfg = Release|Any CPU
		{97CAA3B6-E99A-41AB-88DF-71CBF8339B89}.Special|Any CPU.Build.0 = Release|Any CPU
		{97CAA3B6-E99A-41AB-88DF-71CBF8339B89}.Special|Mixed Platforms.ActiveCfg = Release|x86
		{97CAA3B6-E99A-41AB-88DF-71CBF8339B89}.Special|Mixed Platforms.Build.0 = Release|x86
		{97CAA3B6-E99A-41AB-88DF-71CBF8339B89}.Special|x64.ActiveCfg = Release|Any CPU
		{97CAA3B6-E99A-41AB-88DF-71CBF8339B89}.Special|x86.ActiveCfg = Release|x86
		{97CAA3B6-E99A-41AB-88DF-71CBF8339B89}.Special|x86.Build.0 = Release|x86
		{97CAA3B6-E99A-41AB-88DF-71CBF8339B89}.Wix|Any CPU.ActiveCfg = Release|Any CPU
		{97CAA3B6-E99A-41AB-88DF-71CBF8339B89}.Wix|Any CPU.Build.0 = Release|Any CPU
		{97CAA3B6-E99A-41AB-88DF-71CBF8339B89}.Wix|Mixed Platforms.ActiveCfg = Release|x86
		{97CAA3B6-E99A-41AB-88DF-71CBF8339B89}.Wix|Mixed Platforms.Build.0 = Release|x86
		{97CAA3B6-E99A-41AB-88DF-71CBF8339B89}.Wix|x64.ActiveCfg = Release|Any CPU
		{97CAA3B6-E99A-41AB-88DF-71CBF8339B89}.Wix|x86.ActiveCfg = Release|x86
		{97CAA3B6-E99A-41AB-88DF-71CBF8339B89}.Wix|x86.Build.0 = Release|x86
		{9072CD13-8B7E-4A22-BC28-6087785A5D9A}.Debug|Any CPU.ActiveCfg = Debug|Any CPU
		{9072CD13-8B7E-4A22-BC28-6087785A5D9A}.Debug|Any CPU.Build.0 = Debug|Any CPU
		{9072CD13-8B7E-4A22-BC28-6087785A5D9A}.Debug|Mixed Platforms.ActiveCfg = Debug|x86
		{9072CD13-8B7E-4A22-BC28-6087785A5D9A}.Debug|Mixed Platforms.Build.0 = Debug|x86
		{9072CD13-8B7E-4A22-BC28-6087785A5D9A}.Debug|x64.ActiveCfg = Debug|Any CPU
		{9072CD13-8B7E-4A22-BC28-6087785A5D9A}.Debug|x86.ActiveCfg = Debug|x86
		{9072CD13-8B7E-4A22-BC28-6087785A5D9A}.Debug|x86.Build.0 = Debug|x86
		{9072CD13-8B7E-4A22-BC28-6087785A5D9A}.Release|Any CPU.ActiveCfg = Release|Any CPU
		{9072CD13-8B7E-4A22-BC28-6087785A5D9A}.Release|Any CPU.Build.0 = Release|Any CPU
		{9072CD13-8B7E-4A22-BC28-6087785A5D9A}.Release|Mixed Platforms.ActiveCfg = Release|x86
		{9072CD13-8B7E-4A22-BC28-6087785A5D9A}.Release|Mixed Platforms.Build.0 = Release|x86
		{9072CD13-8B7E-4A22-BC28-6087785A5D9A}.Release|x64.ActiveCfg = Release|Any CPU
		{9072CD13-8B7E-4A22-BC28-6087785A5D9A}.Release|x86.ActiveCfg = Release|x86
		{9072CD13-8B7E-4A22-BC28-6087785A5D9A}.Release|x86.Build.0 = Release|x86
		{9072CD13-8B7E-4A22-BC28-6087785A5D9A}.Special|Any CPU.ActiveCfg = Release|Any CPU
		{9072CD13-8B7E-4A22-BC28-6087785A5D9A}.Special|Any CPU.Build.0 = Release|Any CPU
		{9072CD13-8B7E-4A22-BC28-6087785A5D9A}.Special|Mixed Platforms.ActiveCfg = Release|x86
		{9072CD13-8B7E-4A22-BC28-6087785A5D9A}.Special|Mixed Platforms.Build.0 = Release|x86
		{9072CD13-8B7E-4A22-BC28-6087785A5D9A}.Special|x64.ActiveCfg = Release|Any CPU
		{9072CD13-8B7E-4A22-BC28-6087785A5D9A}.Special|x86.ActiveCfg = Release|x86
		{9072CD13-8B7E-4A22-BC28-6087785A5D9A}.Special|x86.Build.0 = Release|x86
		{9072CD13-8B7E-4A22-BC28-6087785A5D9A}.Wix|Any CPU.ActiveCfg = Release|Any CPU
		{9072CD13-8B7E-4A22-BC28-6087785A5D9A}.Wix|Any CPU.Build.0 = Release|Any CPU
		{9072CD13-8B7E-4A22-BC28-6087785A5D9A}.Wix|Mixed Platforms.ActiveCfg = Release|x86
		{9072CD13-8B7E-4A22-BC28-6087785A5D9A}.Wix|Mixed Platforms.Build.0 = Release|x86
		{9072CD13-8B7E-4A22-BC28-6087785A5D9A}.Wix|x64.ActiveCfg = Release|Any CPU
		{9072CD13-8B7E-4A22-BC28-6087785A5D9A}.Wix|x86.ActiveCfg = Release|x86
		{9072CD13-8B7E-4A22-BC28-6087785A5D9A}.Wix|x86.Build.0 = Release|x86
		{65E4CC10-B91D-4645-B20C-D3A381C9A36A}.Debug|Any CPU.ActiveCfg = Debug|Any CPU
		{65E4CC10-B91D-4645-B20C-D3A381C9A36A}.Debug|Any CPU.Build.0 = Debug|Any CPU
		{65E4CC10-B91D-4645-B20C-D3A381C9A36A}.Debug|Mixed Platforms.ActiveCfg = Debug|x86
		{65E4CC10-B91D-4645-B20C-D3A381C9A36A}.Debug|Mixed Platforms.Build.0 = Debug|x86
		{65E4CC10-B91D-4645-B20C-D3A381C9A36A}.Debug|x64.ActiveCfg = Debug|Any CPU
		{65E4CC10-B91D-4645-B20C-D3A381C9A36A}.Debug|x86.ActiveCfg = Debug|x86
		{65E4CC10-B91D-4645-B20C-D3A381C9A36A}.Debug|x86.Build.0 = Debug|x86
		{65E4CC10-B91D-4645-B20C-D3A381C9A36A}.Release|Any CPU.ActiveCfg = Release|Any CPU
		{65E4CC10-B91D-4645-B20C-D3A381C9A36A}.Release|Any CPU.Build.0 = Release|Any CPU
		{65E4CC10-B91D-4645-B20C-D3A381C9A36A}.Release|Mixed Platforms.ActiveCfg = Release|x86
		{65E4CC10-B91D-4645-B20C-D3A381C9A36A}.Release|Mixed Platforms.Build.0 = Release|x86
		{65E4CC10-B91D-4645-B20C-D3A381C9A36A}.Release|x64.ActiveCfg = Release|Any CPU
		{65E4CC10-B91D-4645-B20C-D3A381C9A36A}.Release|x86.ActiveCfg = Release|x86
		{65E4CC10-B91D-4645-B20C-D3A381C9A36A}.Release|x86.Build.0 = Release|x86
		{65E4CC10-B91D-4645-B20C-D3A381C9A36A}.Special|Any CPU.ActiveCfg = Release|Any CPU
		{65E4CC10-B91D-4645-B20C-D3A381C9A36A}.Special|Any CPU.Build.0 = Release|Any CPU
		{65E4CC10-B91D-4645-B20C-D3A381C9A36A}.Special|Mixed Platforms.ActiveCfg = Release|x86
		{65E4CC10-B91D-4645-B20C-D3A381C9A36A}.Special|Mixed Platforms.Build.0 = Release|x86
		{65E4CC10-B91D-4645-B20C-D3A381C9A36A}.Special|x64.ActiveCfg = Release|Any CPU
		{65E4CC10-B91D-4645-B20C-D3A381C9A36A}.Special|x86.ActiveCfg = Release|x86
		{65E4CC10-B91D-4645-B20C-D3A381C9A36A}.Special|x86.Build.0 = Release|x86
		{65E4CC10-B91D-4645-B20C-D3A381C9A36A}.Wix|Any CPU.ActiveCfg = Release|Any CPU
		{65E4CC10-B91D-4645-B20C-D3A381C9A36A}.Wix|Any CPU.Build.0 = Release|Any CPU
		{65E4CC10-B91D-4645-B20C-D3A381C9A36A}.Wix|Mixed Platforms.ActiveCfg = Release|x86
		{65E4CC10-B91D-4645-B20C-D3A381C9A36A}.Wix|Mixed Platforms.Build.0 = Release|x86
		{65E4CC10-B91D-4645-B20C-D3A381C9A36A}.Wix|x64.ActiveCfg = Release|Any CPU
		{65E4CC10-B91D-4645-B20C-D3A381C9A36A}.Wix|x86.ActiveCfg = Release|x86
		{65E4CC10-B91D-4645-B20C-D3A381C9A36A}.Wix|x86.Build.0 = Release|x86
		{156C2AF0-3DA8-4D8C-A525-5400185579B3}.Debug|Any CPU.ActiveCfg = Debug|Any CPU
		{156C2AF0-3DA8-4D8C-A525-5400185579B3}.Debug|Any CPU.Build.0 = Debug|Any CPU
		{156C2AF0-3DA8-4D8C-A525-5400185579B3}.Debug|Mixed Platforms.ActiveCfg = Debug|Any CPU
		{156C2AF0-3DA8-4D8C-A525-5400185579B3}.Debug|Mixed Platforms.Build.0 = Debug|Any CPU
		{156C2AF0-3DA8-4D8C-A525-5400185579B3}.Debug|x64.ActiveCfg = Debug|Any CPU
		{156C2AF0-3DA8-4D8C-A525-5400185579B3}.Debug|x86.ActiveCfg = Debug|Any CPU
		{156C2AF0-3DA8-4D8C-A525-5400185579B3}.Release|Any CPU.ActiveCfg = Release|Any CPU
		{156C2AF0-3DA8-4D8C-A525-5400185579B3}.Release|Any CPU.Build.0 = Release|Any CPU
		{156C2AF0-3DA8-4D8C-A525-5400185579B3}.Release|Mixed Platforms.ActiveCfg = Release|Any CPU
		{156C2AF0-3DA8-4D8C-A525-5400185579B3}.Release|Mixed Platforms.Build.0 = Release|Any CPU
		{156C2AF0-3DA8-4D8C-A525-5400185579B3}.Release|x64.ActiveCfg = Release|Any CPU
		{156C2AF0-3DA8-4D8C-A525-5400185579B3}.Release|x86.ActiveCfg = Release|Any CPU
		{156C2AF0-3DA8-4D8C-A525-5400185579B3}.Special|Any CPU.ActiveCfg = Special|Any CPU
		{156C2AF0-3DA8-4D8C-A525-5400185579B3}.Special|Any CPU.Build.0 = Special|Any CPU
		{156C2AF0-3DA8-4D8C-A525-5400185579B3}.Special|Mixed Platforms.ActiveCfg = Special|Any CPU
		{156C2AF0-3DA8-4D8C-A525-5400185579B3}.Special|Mixed Platforms.Build.0 = Special|Any CPU
		{156C2AF0-3DA8-4D8C-A525-5400185579B3}.Special|x64.ActiveCfg = Special|Any CPU
		{156C2AF0-3DA8-4D8C-A525-5400185579B3}.Special|x86.ActiveCfg = Special|Any CPU
		{156C2AF0-3DA8-4D8C-A525-5400185579B3}.Wix|Any CPU.ActiveCfg = Special|Any CPU
		{156C2AF0-3DA8-4D8C-A525-5400185579B3}.Wix|Any CPU.Build.0 = Special|Any CPU
		{156C2AF0-3DA8-4D8C-A525-5400185579B3}.Wix|Mixed Platforms.ActiveCfg = Special|Any CPU
		{156C2AF0-3DA8-4D8C-A525-5400185579B3}.Wix|Mixed Platforms.Build.0 = Special|Any CPU
		{156C2AF0-3DA8-4D8C-A525-5400185579B3}.Wix|x64.ActiveCfg = Special|Any CPU
		{156C2AF0-3DA8-4D8C-A525-5400185579B3}.Wix|x86.ActiveCfg = Special|Any CPU
		{DDB48421-ADD5-499B-AE19-62184A2F2051}.Debug|Any CPU.ActiveCfg = Debug|Any CPU
		{DDB48421-ADD5-499B-AE19-62184A2F2051}.Debug|Any CPU.Build.0 = Debug|Any CPU
		{DDB48421-ADD5-499B-AE19-62184A2F2051}.Debug|Mixed Platforms.ActiveCfg = Debug|Any CPU
		{DDB48421-ADD5-499B-AE19-62184A2F2051}.Debug|Mixed Platforms.Build.0 = Debug|Any CPU
		{DDB48421-ADD5-499B-AE19-62184A2F2051}.Debug|x64.ActiveCfg = Debug|Any CPU
		{DDB48421-ADD5-499B-AE19-62184A2F2051}.Debug|x86.ActiveCfg = Debug|Any CPU
		{DDB48421-ADD5-499B-AE19-62184A2F2051}.Release|Any CPU.ActiveCfg = Release|Any CPU
		{DDB48421-ADD5-499B-AE19-62184A2F2051}.Release|Any CPU.Build.0 = Release|Any CPU
		{DDB48421-ADD5-499B-AE19-62184A2F2051}.Release|Mixed Platforms.ActiveCfg = Release|Any CPU
		{DDB48421-ADD5-499B-AE19-62184A2F2051}.Release|Mixed Platforms.Build.0 = Release|Any CPU
		{DDB48421-ADD5-499B-AE19-62184A2F2051}.Release|x64.ActiveCfg = Release|Any CPU
		{DDB48421-ADD5-499B-AE19-62184A2F2051}.Release|x86.ActiveCfg = Release|Any CPU
		{DDB48421-ADD5-499B-AE19-62184A2F2051}.Special|Any CPU.ActiveCfg = Wix|Any CPU
		{DDB48421-ADD5-499B-AE19-62184A2F2051}.Special|Any CPU.Build.0 = Wix|Any CPU
		{DDB48421-ADD5-499B-AE19-62184A2F2051}.Special|Mixed Platforms.ActiveCfg = Wix|Any CPU
		{DDB48421-ADD5-499B-AE19-62184A2F2051}.Special|Mixed Platforms.Build.0 = Wix|Any CPU
		{DDB48421-ADD5-499B-AE19-62184A2F2051}.Special|x64.ActiveCfg = Wix|Any CPU
		{DDB48421-ADD5-499B-AE19-62184A2F2051}.Special|x86.ActiveCfg = Wix|Any CPU
		{DDB48421-ADD5-499B-AE19-62184A2F2051}.Wix|Any CPU.ActiveCfg = Wix|Any CPU
		{DDB48421-ADD5-499B-AE19-62184A2F2051}.Wix|Any CPU.Build.0 = Wix|Any CPU
		{DDB48421-ADD5-499B-AE19-62184A2F2051}.Wix|Mixed Platforms.ActiveCfg = Wix|Any CPU
		{DDB48421-ADD5-499B-AE19-62184A2F2051}.Wix|Mixed Platforms.Build.0 = Wix|Any CPU
		{DDB48421-ADD5-499B-AE19-62184A2F2051}.Wix|x64.ActiveCfg = Wix|Any CPU
		{DDB48421-ADD5-499B-AE19-62184A2F2051}.Wix|x86.ActiveCfg = Wix|Any CPU
		{B0882700-5EAF-4712-ADE5-69DAFE473A01}.Debug|Any CPU.ActiveCfg = Debug|Any CPU
		{B0882700-5EAF-4712-ADE5-69DAFE473A01}.Debug|Any CPU.Build.0 = Debug|Any CPU
		{B0882700-5EAF-4712-ADE5-69DAFE473A01}.Debug|Mixed Platforms.ActiveCfg = Debug|Any CPU
		{B0882700-5EAF-4712-ADE5-69DAFE473A01}.Debug|Mixed Platforms.Build.0 = Debug|Any CPU
		{B0882700-5EAF-4712-ADE5-69DAFE473A01}.Debug|x64.ActiveCfg = Debug|Any CPU
		{B0882700-5EAF-4712-ADE5-69DAFE473A01}.Debug|x86.ActiveCfg = Debug|Any CPU
		{B0882700-5EAF-4712-ADE5-69DAFE473A01}.Release|Any CPU.ActiveCfg = Release|Any CPU
		{B0882700-5EAF-4712-ADE5-69DAFE473A01}.Release|Any CPU.Build.0 = Release|Any CPU
		{B0882700-5EAF-4712-ADE5-69DAFE473A01}.Release|Mixed Platforms.ActiveCfg = Release|Any CPU
		{B0882700-5EAF-4712-ADE5-69DAFE473A01}.Release|Mixed Platforms.Build.0 = Release|Any CPU
		{B0882700-5EAF-4712-ADE5-69DAFE473A01}.Release|x64.ActiveCfg = Release|Any CPU
		{B0882700-5EAF-4712-ADE5-69DAFE473A01}.Release|x86.ActiveCfg = Release|Any CPU
		{B0882700-5EAF-4712-ADE5-69DAFE473A01}.Special|Any CPU.ActiveCfg = Wix|Any CPU
		{B0882700-5EAF-4712-ADE5-69DAFE473A01}.Special|Any CPU.Build.0 = Wix|Any CPU
		{B0882700-5EAF-4712-ADE5-69DAFE473A01}.Special|Mixed Platforms.ActiveCfg = Wix|Any CPU
		{B0882700-5EAF-4712-ADE5-69DAFE473A01}.Special|Mixed Platforms.Build.0 = Wix|Any CPU
		{B0882700-5EAF-4712-ADE5-69DAFE473A01}.Special|x64.ActiveCfg = Wix|Any CPU
		{B0882700-5EAF-4712-ADE5-69DAFE473A01}.Special|x86.ActiveCfg = Wix|Any CPU
		{B0882700-5EAF-4712-ADE5-69DAFE473A01}.Wix|Any CPU.ActiveCfg = Wix|Any CPU
		{B0882700-5EAF-4712-ADE5-69DAFE473A01}.Wix|Any CPU.Build.0 = Wix|Any CPU
		{B0882700-5EAF-4712-ADE5-69DAFE473A01}.Wix|Mixed Platforms.ActiveCfg = Wix|Any CPU
		{B0882700-5EAF-4712-ADE5-69DAFE473A01}.Wix|Mixed Platforms.Build.0 = Wix|Any CPU
		{B0882700-5EAF-4712-ADE5-69DAFE473A01}.Wix|x64.ActiveCfg = Wix|Any CPU
		{B0882700-5EAF-4712-ADE5-69DAFE473A01}.Wix|x86.ActiveCfg = Wix|Any CPU
		{925781E6-8B75-471B-887F-616495BBBFDD}.Debug|Any CPU.ActiveCfg = Debug|Any CPU
		{925781E6-8B75-471B-887F-616495BBBFDD}.Debug|Any CPU.Build.0 = Debug|Any CPU
		{925781E6-8B75-471B-887F-616495BBBFDD}.Debug|Mixed Platforms.ActiveCfg = Debug|Any CPU
		{925781E6-8B75-471B-887F-616495BBBFDD}.Debug|Mixed Platforms.Build.0 = Debug|Any CPU
		{925781E6-8B75-471B-887F-616495BBBFDD}.Debug|x64.ActiveCfg = Debug|Any CPU
		{925781E6-8B75-471B-887F-616495BBBFDD}.Debug|x86.ActiveCfg = Debug|Any CPU
		{925781E6-8B75-471B-887F-616495BBBFDD}.Release|Any CPU.ActiveCfg = Release|Any CPU
		{925781E6-8B75-471B-887F-616495BBBFDD}.Release|Any CPU.Build.0 = Release|Any CPU
		{925781E6-8B75-471B-887F-616495BBBFDD}.Release|Mixed Platforms.ActiveCfg = Release|Any CPU
		{925781E6-8B75-471B-887F-616495BBBFDD}.Release|Mixed Platforms.Build.0 = Release|Any CPU
		{925781E6-8B75-471B-887F-616495BBBFDD}.Release|x64.ActiveCfg = Release|Any CPU
		{925781E6-8B75-471B-887F-616495BBBFDD}.Release|x86.ActiveCfg = Release|Any CPU
		{925781E6-8B75-471B-887F-616495BBBFDD}.Special|Any CPU.ActiveCfg = Special|Any CPU
		{925781E6-8B75-471B-887F-616495BBBFDD}.Special|Any CPU.Build.0 = Special|Any CPU
		{925781E6-8B75-471B-887F-616495BBBFDD}.Special|Mixed Platforms.ActiveCfg = Special|Any CPU
		{925781E6-8B75-471B-887F-616495BBBFDD}.Special|Mixed Platforms.Build.0 = Special|Any CPU
		{925781E6-8B75-471B-887F-616495BBBFDD}.Special|x64.ActiveCfg = Special|Any CPU
		{925781E6-8B75-471B-887F-616495BBBFDD}.Special|x86.ActiveCfg = Special|Any CPU
		{925781E6-8B75-471B-887F-616495BBBFDD}.Wix|Any CPU.ActiveCfg = Wix|Any CPU
		{925781E6-8B75-471B-887F-616495BBBFDD}.Wix|Any CPU.Build.0 = Wix|Any CPU
		{925781E6-8B75-471B-887F-616495BBBFDD}.Wix|Mixed Platforms.ActiveCfg = Wix|Any CPU
		{925781E6-8B75-471B-887F-616495BBBFDD}.Wix|Mixed Platforms.Build.0 = Wix|Any CPU
		{925781E6-8B75-471B-887F-616495BBBFDD}.Wix|x64.ActiveCfg = Wix|Any CPU
		{925781E6-8B75-471B-887F-616495BBBFDD}.Wix|x86.ActiveCfg = Wix|Any CPU
		{CD544712-0665-44DB-BB70-5B9D4395B050}.Debug|Any CPU.ActiveCfg = Debug|Any CPU
		{CD544712-0665-44DB-BB70-5B9D4395B050}.Debug|Any CPU.Build.0 = Debug|Any CPU
		{CD544712-0665-44DB-BB70-5B9D4395B050}.Debug|Mixed Platforms.ActiveCfg = Debug|Any CPU
		{CD544712-0665-44DB-BB70-5B9D4395B050}.Debug|Mixed Platforms.Build.0 = Debug|Any CPU
		{CD544712-0665-44DB-BB70-5B9D4395B050}.Debug|x64.ActiveCfg = Debug|Any CPU
		{CD544712-0665-44DB-BB70-5B9D4395B050}.Debug|x86.ActiveCfg = Debug|Any CPU
		{CD544712-0665-44DB-BB70-5B9D4395B050}.Release|Any CPU.ActiveCfg = Release|Any CPU
		{CD544712-0665-44DB-BB70-5B9D4395B050}.Release|Any CPU.Build.0 = Release|Any CPU
		{CD544712-0665-44DB-BB70-5B9D4395B050}.Release|Mixed Platforms.ActiveCfg = Release|Any CPU
		{CD544712-0665-44DB-BB70-5B9D4395B050}.Release|Mixed Platforms.Build.0 = Release|Any CPU
		{CD544712-0665-44DB-BB70-5B9D4395B050}.Release|x64.ActiveCfg = Release|Any CPU
		{CD544712-0665-44DB-BB70-5B9D4395B050}.Release|x86.ActiveCfg = Release|Any CPU
		{CD544712-0665-44DB-BB70-5B9D4395B050}.Special|Any CPU.ActiveCfg = Release|Any CPU
		{CD544712-0665-44DB-BB70-5B9D4395B050}.Special|Any CPU.Build.0 = Release|Any CPU
		{CD544712-0665-44DB-BB70-5B9D4395B050}.Special|Mixed Platforms.ActiveCfg = Release|Any CPU
		{CD544712-0665-44DB-BB70-5B9D4395B050}.Special|Mixed Platforms.Build.0 = Release|Any CPU
		{CD544712-0665-44DB-BB70-5B9D4395B050}.Special|x64.ActiveCfg = Release|Any CPU
		{CD544712-0665-44DB-BB70-5B9D4395B050}.Special|x86.ActiveCfg = Release|Any CPU
		{CD544712-0665-44DB-BB70-5B9D4395B050}.Wix|Any CPU.ActiveCfg = Release|Any CPU
		{CD544712-0665-44DB-BB70-5B9D4395B050}.Wix|Any CPU.Build.0 = Release|Any CPU
		{CD544712-0665-44DB-BB70-5B9D4395B050}.Wix|Mixed Platforms.ActiveCfg = Release|Any CPU
		{CD544712-0665-44DB-BB70-5B9D4395B050}.Wix|Mixed Platforms.Build.0 = Release|Any CPU
		{CD544712-0665-44DB-BB70-5B9D4395B050}.Wix|x64.ActiveCfg = Release|Any CPU
		{CD544712-0665-44DB-BB70-5B9D4395B050}.Wix|x86.ActiveCfg = Release|Any CPU
		{B008B931-21E4-40B6-92F0-DD1BEBC569F3}.Debug|Any CPU.ActiveCfg = Debug|Any CPU
		{B008B931-21E4-40B6-92F0-DD1BEBC569F3}.Debug|Any CPU.Build.0 = Debug|Any CPU
		{B008B931-21E4-40B6-92F0-DD1BEBC569F3}.Debug|Mixed Platforms.ActiveCfg = Debug|Any CPU
		{B008B931-21E4-40B6-92F0-DD1BEBC569F3}.Debug|Mixed Platforms.Build.0 = Debug|Any CPU
		{B008B931-21E4-40B6-92F0-DD1BEBC569F3}.Debug|x64.ActiveCfg = Debug|Any CPU
		{B008B931-21E4-40B6-92F0-DD1BEBC569F3}.Debug|x86.ActiveCfg = Debug|Any CPU
		{B008B931-21E4-40B6-92F0-DD1BEBC569F3}.Release|Any CPU.ActiveCfg = Release|Any CPU
		{B008B931-21E4-40B6-92F0-DD1BEBC569F3}.Release|Any CPU.Build.0 = Release|Any CPU
		{B008B931-21E4-40B6-92F0-DD1BEBC569F3}.Release|Mixed Platforms.ActiveCfg = Release|Any CPU
		{B008B931-21E4-40B6-92F0-DD1BEBC569F3}.Release|Mixed Platforms.Build.0 = Release|Any CPU
		{B008B931-21E4-40B6-92F0-DD1BEBC569F3}.Release|x64.ActiveCfg = Release|Any CPU
		{B008B931-21E4-40B6-92F0-DD1BEBC569F3}.Release|x86.ActiveCfg = Release|Any CPU
		{B008B931-21E4-40B6-92F0-DD1BEBC569F3}.Special|Any CPU.ActiveCfg = Release|Any CPU
		{B008B931-21E4-40B6-92F0-DD1BEBC569F3}.Special|Any CPU.Build.0 = Release|Any CPU
		{B008B931-21E4-40B6-92F0-DD1BEBC569F3}.Special|Mixed Platforms.ActiveCfg = Release|Any CPU
		{B008B931-21E4-40B6-92F0-DD1BEBC569F3}.Special|Mixed Platforms.Build.0 = Release|Any CPU
		{B008B931-21E4-40B6-92F0-DD1BEBC569F3}.Special|x64.ActiveCfg = Release|Any CPU
		{B008B931-21E4-40B6-92F0-DD1BEBC569F3}.Special|x86.ActiveCfg = Release|Any CPU
		{B008B931-21E4-40B6-92F0-DD1BEBC569F3}.Wix|Any CPU.ActiveCfg = Release|Any CPU
		{B008B931-21E4-40B6-92F0-DD1BEBC569F3}.Wix|Any CPU.Build.0 = Release|Any CPU
		{B008B931-21E4-40B6-92F0-DD1BEBC569F3}.Wix|Mixed Platforms.ActiveCfg = Release|Any CPU
		{B008B931-21E4-40B6-92F0-DD1BEBC569F3}.Wix|Mixed Platforms.Build.0 = Release|Any CPU
		{B008B931-21E4-40B6-92F0-DD1BEBC569F3}.Wix|x64.ActiveCfg = Release|Any CPU
		{B008B931-21E4-40B6-92F0-DD1BEBC569F3}.Wix|x86.ActiveCfg = Release|Any CPU
		{4D25B13B-4D67-433F-9181-BF5FDFA931B6}.Debug|Any CPU.ActiveCfg = Debug|Any CPU
		{4D25B13B-4D67-433F-9181-BF5FDFA931B6}.Debug|Any CPU.Build.0 = Debug|Any CPU
		{4D25B13B-4D67-433F-9181-BF5FDFA931B6}.Debug|Mixed Platforms.ActiveCfg = Debug|Any CPU
		{4D25B13B-4D67-433F-9181-BF5FDFA931B6}.Debug|Mixed Platforms.Build.0 = Debug|Any CPU
		{4D25B13B-4D67-433F-9181-BF5FDFA931B6}.Debug|x64.ActiveCfg = Debug|Any CPU
		{4D25B13B-4D67-433F-9181-BF5FDFA931B6}.Debug|x86.ActiveCfg = Debug|Any CPU
		{4D25B13B-4D67-433F-9181-BF5FDFA931B6}.Release|Any CPU.ActiveCfg = Release|Any CPU
		{4D25B13B-4D67-433F-9181-BF5FDFA931B6}.Release|Any CPU.Build.0 = Release|Any CPU
		{4D25B13B-4D67-433F-9181-BF5FDFA931B6}.Release|Mixed Platforms.ActiveCfg = Release|Any CPU
		{4D25B13B-4D67-433F-9181-BF5FDFA931B6}.Release|Mixed Platforms.Build.0 = Release|Any CPU
		{4D25B13B-4D67-433F-9181-BF5FDFA931B6}.Release|x64.ActiveCfg = Release|Any CPU
		{4D25B13B-4D67-433F-9181-BF5FDFA931B6}.Release|x86.ActiveCfg = Release|Any CPU
		{4D25B13B-4D67-433F-9181-BF5FDFA931B6}.Special|Any CPU.ActiveCfg = Wix|Any CPU
		{4D25B13B-4D67-433F-9181-BF5FDFA931B6}.Special|Any CPU.Build.0 = Wix|Any CPU
		{4D25B13B-4D67-433F-9181-BF5FDFA931B6}.Special|Mixed Platforms.ActiveCfg = Wix|Any CPU
		{4D25B13B-4D67-433F-9181-BF5FDFA931B6}.Special|Mixed Platforms.Build.0 = Wix|Any CPU
		{4D25B13B-4D67-433F-9181-BF5FDFA931B6}.Special|x64.ActiveCfg = Wix|Any CPU
		{4D25B13B-4D67-433F-9181-BF5FDFA931B6}.Special|x86.ActiveCfg = Wix|Any CPU
		{4D25B13B-4D67-433F-9181-BF5FDFA931B6}.Wix|Any CPU.ActiveCfg = Wix|Any CPU
		{4D25B13B-4D67-433F-9181-BF5FDFA931B6}.Wix|Any CPU.Build.0 = Wix|Any CPU
		{4D25B13B-4D67-433F-9181-BF5FDFA931B6}.Wix|Mixed Platforms.ActiveCfg = Wix|Any CPU
		{4D25B13B-4D67-433F-9181-BF5FDFA931B6}.Wix|Mixed Platforms.Build.0 = Wix|Any CPU
		{4D25B13B-4D67-433F-9181-BF5FDFA931B6}.Wix|x64.ActiveCfg = Wix|Any CPU
		{4D25B13B-4D67-433F-9181-BF5FDFA931B6}.Wix|x86.ActiveCfg = Wix|Any CPU
		{9CAC7E97-DE68-46D1-8155-0AFDE045E34A}.Debug|Any CPU.ActiveCfg = Debug|Any CPU
		{9CAC7E97-DE68-46D1-8155-0AFDE045E34A}.Debug|Any CPU.Build.0 = Debug|Any CPU
		{9CAC7E97-DE68-46D1-8155-0AFDE045E34A}.Debug|Mixed Platforms.ActiveCfg = Debug|Any CPU
		{9CAC7E97-DE68-46D1-8155-0AFDE045E34A}.Debug|Mixed Platforms.Build.0 = Debug|Any CPU
		{9CAC7E97-DE68-46D1-8155-0AFDE045E34A}.Debug|x64.ActiveCfg = Debug|Any CPU
		{9CAC7E97-DE68-46D1-8155-0AFDE045E34A}.Debug|x86.ActiveCfg = Debug|Any CPU
		{9CAC7E97-DE68-46D1-8155-0AFDE045E34A}.Release|Any CPU.ActiveCfg = Release|Any CPU
		{9CAC7E97-DE68-46D1-8155-0AFDE045E34A}.Release|Any CPU.Build.0 = Release|Any CPU
		{9CAC7E97-DE68-46D1-8155-0AFDE045E34A}.Release|Mixed Platforms.ActiveCfg = Release|Any CPU
		{9CAC7E97-DE68-46D1-8155-0AFDE045E34A}.Release|Mixed Platforms.Build.0 = Release|Any CPU
		{9CAC7E97-DE68-46D1-8155-0AFDE045E34A}.Release|x64.ActiveCfg = Release|Any CPU
		{9CAC7E97-DE68-46D1-8155-0AFDE045E34A}.Release|x86.ActiveCfg = Release|Any CPU
		{9CAC7E97-DE68-46D1-8155-0AFDE045E34A}.Special|Any CPU.ActiveCfg = Release|Any CPU
		{9CAC7E97-DE68-46D1-8155-0AFDE045E34A}.Special|Any CPU.Build.0 = Release|Any CPU
		{9CAC7E97-DE68-46D1-8155-0AFDE045E34A}.Special|Mixed Platforms.ActiveCfg = Release|Any CPU
		{9CAC7E97-DE68-46D1-8155-0AFDE045E34A}.Special|Mixed Platforms.Build.0 = Release|Any CPU
		{9CAC7E97-DE68-46D1-8155-0AFDE045E34A}.Special|x64.ActiveCfg = Release|Any CPU
		{9CAC7E97-DE68-46D1-8155-0AFDE045E34A}.Special|x86.ActiveCfg = Release|Any CPU
		{9CAC7E97-DE68-46D1-8155-0AFDE045E34A}.Wix|Any CPU.ActiveCfg = Release|Any CPU
		{9CAC7E97-DE68-46D1-8155-0AFDE045E34A}.Wix|Any CPU.Build.0 = Release|Any CPU
		{9CAC7E97-DE68-46D1-8155-0AFDE045E34A}.Wix|Mixed Platforms.ActiveCfg = Release|Any CPU
		{9CAC7E97-DE68-46D1-8155-0AFDE045E34A}.Wix|Mixed Platforms.Build.0 = Release|Any CPU
		{9CAC7E97-DE68-46D1-8155-0AFDE045E34A}.Wix|x64.ActiveCfg = Release|Any CPU
		{9CAC7E97-DE68-46D1-8155-0AFDE045E34A}.Wix|x86.ActiveCfg = Release|Any CPU
	EndGlobalSection
	GlobalSection(SolutionProperties) = preSolution
		HideSolutionNode = FALSE
	EndGlobalSection
	GlobalSection(NestedProjects) = preSolution
		{BF18C360-B7C6-4E49-AC49-06AEC6A07410} = {8A3B154C-D99D-42AD-BC2E-7E943AF412FF}
		{7DA406D6-2321-45A2-83B7-8491A17D0113} = {8A3B154C-D99D-42AD-BC2E-7E943AF412FF}
		{F7221C50-ED60-4CFF-8374-47CC9E53429B} = {8A3B154C-D99D-42AD-BC2E-7E943AF412FF}
		{05AA81B3-D2A5-4A29-87AE-0A7AFC5390B8} = {8A3B154C-D99D-42AD-BC2E-7E943AF412FF}
	EndGlobalSection
EndGlobal
