
Microsoft Visual Studio Solution File, Format Version 12.00
# Visual Studio 14
VisualStudioVersion = 14.0.25420.1
MinimumVisualStudioVersion = 10.0.40219.1
Project("{7CF6DF6D-3B04-46F8-A40B-537D21BCA0B4}") = "Furcadia Framework Help", "Furcadia Framework Help.shfbproj", "{B2878B72-7524-40D9-8A4E-53561094567E}"
EndProject
Global
	GlobalSection(SolutionConfigurationPlatforms) = preSolution
		Debug|Any CPU = Debug|Any CPU
		Release|Any CPU = Release|Any CPU
	EndGlobalSection
	GlobalSection(ProjectConfigurationPlatforms) = postSolution
		{B2878B72-7524-40D9-8A4E-53561094567E}.Debug|Any CPU.ActiveCfg = Debug|Any CPU
		{B2878B72-7524-40D9-8A4E-53561094567E}.Debug|Any CPU.Build.0 = Debug|Any CPU
		{B2878B72-7524-40D9-8A4E-53561094567E}.Release|Any CPU.ActiveCfg = Release|Any CPU
		{B2878B72-7524-40D9-8A4E-53561094567E}.Release|Any CPU.Build.0 = Release|Any CPU
	EndGlobalSection
	GlobalSection(SolutionProperties) = preSolution
		HideSolutionNode = FALSE
	EndGlobalSection
EndGlobal
